
Microsoft Visual Studio Solution File, Format Version 12.00
# Visual Studio 2013
VisualStudioVersion = 12.0.21005.1
MinimumVisualStudioVersion = 10.0.40219.1
Project("{FAE04EC0-301F-11D3-BF4B-00C04F79EFBC}") = "DateTimeGetter", "DateTimeGetter\DateTimeGetter.csproj", "{E73CB32D-D284-43DF-BE09-E78ACBDA9BEF}"
EndProject
Project("{FAE04EC0-301F-11D3-BF4B-00C04F79EFBC}") = "DateTimeGetterConsoleClient", "DateTimeGetterConsoleClient\DateTimeGetterConsoleClient.csproj", "{ED22DB09-B781-4394-8261-A4C259CC9788}"
	ProjectSection(ProjectDependencies) = postProject
		{E73CB32D-D284-43DF-BE09-E78ACBDA9BEF} = {E73CB32D-D284-43DF-BE09-E78ACBDA9BEF}
	EndProjectSection
EndProject
Project("{FAE04EC0-301F-11D3-BF4B-00C04F79EFBC}") = "StringComparer", "StringComparer\StringComparer.csproj", "{458040FB-B89E-4899-9231-10E7BB93A830}"
EndProject
Project("{FAE04EC0-301F-11D3-BF4B-00C04F79EFBC}") = "StringComparerHost", "StringComparerHost\StringComparerHost.csproj", "{E5459451-39F2-4139-B425-8D35EB074547}"
EndProject
Global
	GlobalSection(SolutionConfigurationPlatforms) = preSolution
		Debug|Any CPU = Debug|Any CPU
		Release|Any CPU = Release|Any CPU
	EndGlobalSection
	GlobalSection(ProjectConfigurationPlatforms) = postSolution
		{E73CB32D-D284-43DF-BE09-E78ACBDA9BEF}.Debug|Any CPU.ActiveCfg = Debug|Any CPU
		{E73CB32D-D284-43DF-BE09-E78ACBDA9BEF}.Debug|Any CPU.Build.0 = Debug|Any CPU
		{E73CB32D-D284-43DF-BE09-E78ACBDA9BEF}.Release|Any CPU.ActiveCfg = Release|Any CPU
		{E73CB32D-D284-43DF-BE09-E78ACBDA9BEF}.Release|Any CPU.Build.0 = Release|Any CPU
		{ED22DB09-B781-4394-8261-A4C259CC9788}.Debug|Any CPU.ActiveCfg = Debug|Any CPU
		{ED22DB09-B781-4394-8261-A4C259CC9788}.Debug|Any CPU.Build.0 = Debug|Any CPU
		{ED22DB09-B781-4394-8261-A4C259CC9788}.Release|Any CPU.ActiveCfg = Release|Any CPU
		{ED22DB09-B781-4394-8261-A4C259CC9788}.Release|Any CPU.Build.0 = Release|Any CPU
		{458040FB-B89E-4899-9231-10E7BB93A830}.Debug|Any CPU.ActiveCfg = Debug|Any CPU
		{458040FB-B89E-4899-9231-10E7BB93A830}.Debug|Any CPU.Build.0 = Debug|Any CPU
		{458040FB-B89E-4899-9231-10E7BB93A830}.Release|Any CPU.ActiveCfg = Release|Any CPU
		{458040FB-B89E-4899-9231-10E7BB93A830}.Release|Any CPU.Build.0 = Release|Any CPU
		{E5459451-39F2-4139-B425-8D35EB074547}.Debug|Any CPU.ActiveCfg = Debug|Any CPU
		{E5459451-39F2-4139-B425-8D35EB074547}.Debug|Any CPU.Build.0 = Debug|Any CPU
		{E5459451-39F2-4139-B425-8D35EB074547}.Release|Any CPU.ActiveCfg = Release|Any CPU
		{E5459451-39F2-4139-B425-8D35EB074547}.Release|Any CPU.Build.0 = Release|Any CPU
	EndGlobalSection
	GlobalSection(SolutionProperties) = preSolution
		HideSolutionNode = FALSE
	EndGlobalSection
EndGlobal
