
Microsoft Visual Studio Solution File, Format Version 12.00
# Visual Studio 2012
Project("{FAE04EC0-301F-11D3-BF4B-00C04F79EFBC}") = "ExerciseOne", "ExerciseOne\ExerciseOne.csproj", "{E5A55F9E-F66F-4076-A1D1-21D1C3C6F95B}"
EndProject
Project("{FAE04EC0-301F-11D3-BF4B-00C04F79EFBC}") = "ExamOne2012Problem1", "ExamOne2012Problem1\ExamOne2012Problem1.csproj", "{23691179-47E1-427C-A9EB-0222096E5348}"
EndProject
Project("{FAE04EC0-301F-11D3-BF4B-00C04F79EFBC}") = "Sandwatch", "Sandwatch\Sandwatch.csproj", "{13902F2C-1F5F-4339-AD84-9AB8E66D3BAD}"
EndProject
Project("{FAE04EC0-301F-11D3-BF4B-00C04F79EFBC}") = "FighterAttack", "FighterAttack\FighterAttack.csproj", "{99514255-A30B-49F4-8418-DAD6A9C6FB16}"
EndProject
Project("{FAE04EC0-301F-11D3-BF4B-00C04F79EFBC}") = "pkpkp", "pkpkp\pkpkp.csproj", "{2F1B5AC2-B4C8-4256-B8A5-DB316A2FE032}"
EndProject
Project("{FAE04EC0-301F-11D3-BF4B-00C04F79EFBC}") = "TribonacciTriangle", "TribonacciTriangle\TribonacciTriangle.csproj", "{1FA64A31-A691-43E5-90B4-5F31299A882D}"
EndProject
Project("{FAE04EC0-301F-11D3-BF4B-00C04F79EFBC}") = "HomeWorks", "HomeWorks\HomeWorks.csproj", "{6F3A3174-23F9-46FD-80F8-FA91463FE840}"
EndProject
Project("{FAE04EC0-301F-11D3-BF4B-00C04F79EFBC}") = "Sheets", "Sheets\Sheets.csproj", "{67D05E12-EE8E-47DE-BA96-D88C7F73E57B}"
EndProject
Project("{FAE04EC0-301F-11D3-BF4B-00C04F79EFBC}") = "SevenlandNumbers", "SevenlandNumbers\SevenlandNumbers.csproj", "{1643D4A8-6EBB-4EA0-A560-45C136E3F2BE}"
EndProject
Project("{FAE04EC0-301F-11D3-BF4B-00C04F79EFBC}") = "TelerikLogo", "TelerikLogo\TelerikLogo.csproj", "{9BE436D2-89EF-448F-882F-303445DCA767}"
EndProject
Project("{FAE04EC0-301F-11D3-BF4B-00C04F79EFBC}") = "A-nacci", "A-nacci\A-nacci.csproj", "{9A8DB2C7-3B01-47AB-BFD6-6C06ACD74DE8}"
EndProject
Project("{FAE04EC0-301F-11D3-BF4B-00C04F79EFBC}") = "UKFlag", "UKFlag\UKFlag.csproj", "{B871A7CF-9DEC-45F9-80E0-E7CC141D65C2}"
EndProject
Project("{FAE04EC0-301F-11D3-BF4B-00C04F79EFBC}") = "QuadronacciRectangle", "QuadronacciRectangle\QuadronacciRectangle.csproj", "{95F99280-4EF9-4752-B15E-4F946CE6EEB3}"
EndProject
Project("{FAE04EC0-301F-11D3-BF4B-00C04F79EFBC}") = "TripleRotationOfDigits", "TripleRotationOfDigits\TripleRotationOfDigits.csproj", "{46E3CBD5-DB0F-480C-9EE2-E2EDB94B888B}"
EndProject
Project("{FAE04EC0-301F-11D3-BF4B-00C04F79EFBC}") = "ExcelColumns", "ExcelColumns\ExcelColumns.csproj", "{24E41B5C-1CC9-47E2-A511-3F2312461F7F}"
EndProject
Project("{FAE04EC0-301F-11D3-BF4B-00C04F79EFBC}") = "Beach", "Beach\Beach.csproj", "{F9D9675B-7593-4691-A245-1B4D0DD3C03F}"
EndProject
Project("{FAE04EC0-301F-11D3-BF4B-00C04F79EFBC}") = "BinaryDigitsCount", "BinaryDigitsCount\BinaryDigitsCount.csproj", "{84E3B187-2E17-423B-BB3E-1E0AA09D0F73}"
EndProject
Project("{FAE04EC0-301F-11D3-BF4B-00C04F79EFBC}") = "SubsetSums", "SubsetSums\SubsetSums.csproj", "{327FA0B0-AD3C-4BAB-A780-49731855E2B5}"
EndProject
Project("{FAE04EC0-301F-11D3-BF4B-00C04F79EFBC}") = "Pillar", "Pillar\Pillar.csproj", "{21A25A47-9414-498E-9E3C-BA4F78E12F33}"
EndProject
Project("{FAE04EC0-301F-11D3-BF4B-00C04F79EFBC}") = "Poker", "Poker\Poker.csproj", "{C999259F-682A-4C25-AD45-93DA0A00C5FC}"
EndProject
Project("{FAE04EC0-301F-11D3-BF4B-00C04F79EFBC}") = "AngryBits", "AngryBits\AngryBits.csproj", "{B7E55A34-176E-46BB-BD4B-EA62B8310C6B}"
EndProject
Project("{FAE04EC0-301F-11D3-BF4B-00C04F79EFBC}") = "Lines", "Lines\Lines.csproj", "{EE1B4699-631A-4572-8C9E-49D2DF077D49}"
EndProject
Project("{FAE04EC0-301F-11D3-BF4B-00C04F79EFBC}") = "DancingBits", "DancingBits\DancingBits.csproj", "{A7404B77-B913-4E06-A94C-FD0BCC37AAFD}"
EndProject
Project("{FAE04EC0-301F-11D3-BF4B-00C04F79EFBC}") = "Carpet", "Carpet\Carpet.csproj", "{6ECC664C-5E13-4E88-B5A9-94D4B474E046}"
EndProject
Project("{FAE04EC0-301F-11D3-BF4B-00C04F79EFBC}") = "FirTree", "FirTree\FirTree.csproj", "{E877768D-451B-4BC8-B823-33EB3136033F}"
EndProject
Project("{FAE04EC0-301F-11D3-BF4B-00C04F79EFBC}") = "Tribonacci", "Tribonacci\Tribonacci.csproj", "{6FEAAB38-DC04-4D73-A618-D233082F9419}"
EndProject
Project("{FAE04EC0-301F-11D3-BF4B-00C04F79EFBC}") = "WeAllLoveBits", "WeAllLoveBits\WeAllLoveBits.csproj", "{B11C52EB-068F-4066-BC11-F17F84918B2B}"
EndProject
Project("{FAE04EC0-301F-11D3-BF4B-00C04F79EFBC}") = "ForestRoad", "ForestRoad\ForestRoad.csproj", "{418CECC4-9CC4-416B-B9A9-5BD284A0C81C}"
EndProject
Project("{FAE04EC0-301F-11D3-BF4B-00C04F79EFBC}") = "LeastMajorityMultiple", "LeastMajorityMultiple\LeastMajorityMultiple.csproj", "{06EAF1D3-E1A8-465A-9724-125C8BDB3D01}"
EndProject
Project("{FAE04EC0-301F-11D3-BF4B-00C04F79EFBC}") = "Trapezoid", "Trapezoid\Trapezoid.csproj", "{D3A0A0D8-3881-4F7C-810E-2AAE6AED724D}"
EndProject
Project("{FAE04EC0-301F-11D3-BF4B-00C04F79EFBC}") = "OddNumber", "OddNumber\OddNumber.csproj", "{6F50B6A8-D332-4F05-A011-CBB4EC6947B5}"
EndProject
Project("{FAE04EC0-301F-11D3-BF4B-00C04F79EFBC}") = "AstrologicalDigit", "AstrologicalDigit\AstrologicalDigit.csproj", "{413AABC6-41B2-4EFC-82A7-A6858FC3B1DF}"
EndProject
Project("{FAE04EC0-301F-11D3-BF4B-00C04F79EFBC}") = "BitBall", "BitBall\BitBall.csproj", "{B856C61D-E105-49F7-9DAF-5403BD0DE4CF}"
EndProject
Project("{FAE04EC0-301F-11D3-BF4B-00C04F79EFBC}") = "MathExpression", "MathExpression\MathExpression.csproj", "{818BD88A-2E14-4502-BF51-A053304EAF22}"
EndProject
Project("{FAE04EC0-301F-11D3-BF4B-00C04F79EFBC}") = "MissCat2011", "MissCat2011\MissCat2011.csproj", "{93A32E6A-E43C-406F-9E40-CBBA5B8DD819}"
EndProject
Global
	GlobalSection(SolutionConfigurationPlatforms) = preSolution
		Debug|Any CPU = Debug|Any CPU
		Release|Any CPU = Release|Any CPU
	EndGlobalSection
	GlobalSection(ProjectConfigurationPlatforms) = postSolution
		{E5A55F9E-F66F-4076-A1D1-21D1C3C6F95B}.Debug|Any CPU.ActiveCfg = Debug|Any CPU
		{E5A55F9E-F66F-4076-A1D1-21D1C3C6F95B}.Release|Any CPU.ActiveCfg = Release|Any CPU
		{E5A55F9E-F66F-4076-A1D1-21D1C3C6F95B}.Release|Any CPU.Build.0 = Release|Any CPU
		{23691179-47E1-427C-A9EB-0222096E5348}.Debug|Any CPU.ActiveCfg = Debug|Any CPU
		{23691179-47E1-427C-A9EB-0222096E5348}.Release|Any CPU.ActiveCfg = Release|Any CPU
		{23691179-47E1-427C-A9EB-0222096E5348}.Release|Any CPU.Build.0 = Release|Any CPU
		{13902F2C-1F5F-4339-AD84-9AB8E66D3BAD}.Debug|Any CPU.ActiveCfg = Debug|Any CPU
		{13902F2C-1F5F-4339-AD84-9AB8E66D3BAD}.Release|Any CPU.ActiveCfg = Release|Any CPU
		{13902F2C-1F5F-4339-AD84-9AB8E66D3BAD}.Release|Any CPU.Build.0 = Release|Any CPU
		{99514255-A30B-49F4-8418-DAD6A9C6FB16}.Debug|Any CPU.ActiveCfg = Debug|Any CPU
		{99514255-A30B-49F4-8418-DAD6A9C6FB16}.Release|Any CPU.ActiveCfg = Release|Any CPU
		{99514255-A30B-49F4-8418-DAD6A9C6FB16}.Release|Any CPU.Build.0 = Release|Any CPU
		{2F1B5AC2-B4C8-4256-B8A5-DB316A2FE032}.Debug|Any CPU.ActiveCfg = Release|Any CPU
		{2F1B5AC2-B4C8-4256-B8A5-DB316A2FE032}.Debug|Any CPU.Build.0 = Release|Any CPU
		{2F1B5AC2-B4C8-4256-B8A5-DB316A2FE032}.Release|Any CPU.ActiveCfg = Release|Any CPU
		{2F1B5AC2-B4C8-4256-B8A5-DB316A2FE032}.Release|Any CPU.Build.0 = Release|Any CPU
		{1FA64A31-A691-43E5-90B4-5F31299A882D}.Debug|Any CPU.ActiveCfg = Debug|Any CPU
		{1FA64A31-A691-43E5-90B4-5F31299A882D}.Debug|Any CPU.Build.0 = Debug|Any CPU
		{1FA64A31-A691-43E5-90B4-5F31299A882D}.Release|Any CPU.ActiveCfg = Release|Any CPU
		{1FA64A31-A691-43E5-90B4-5F31299A882D}.Release|Any CPU.Build.0 = Release|Any CPU
		{6F3A3174-23F9-46FD-80F8-FA91463FE840}.Debug|Any CPU.ActiveCfg = Debug|Any CPU
		{6F3A3174-23F9-46FD-80F8-FA91463FE840}.Debug|Any CPU.Build.0 = Debug|Any CPU
		{6F3A3174-23F9-46FD-80F8-FA91463FE840}.Release|Any CPU.ActiveCfg = Release|Any CPU
		{6F3A3174-23F9-46FD-80F8-FA91463FE840}.Release|Any CPU.Build.0 = Release|Any CPU
		{67D05E12-EE8E-47DE-BA96-D88C7F73E57B}.Debug|Any CPU.ActiveCfg = Debug|Any CPU
		{67D05E12-EE8E-47DE-BA96-D88C7F73E57B}.Debug|Any CPU.Build.0 = Debug|Any CPU
		{67D05E12-EE8E-47DE-BA96-D88C7F73E57B}.Release|Any CPU.ActiveCfg = Release|Any CPU
		{67D05E12-EE8E-47DE-BA96-D88C7F73E57B}.Release|Any CPU.Build.0 = Release|Any CPU
		{1643D4A8-6EBB-4EA0-A560-45C136E3F2BE}.Debug|Any CPU.ActiveCfg = Debug|Any CPU
		{1643D4A8-6EBB-4EA0-A560-45C136E3F2BE}.Debug|Any CPU.Build.0 = Debug|Any CPU
		{1643D4A8-6EBB-4EA0-A560-45C136E3F2BE}.Release|Any CPU.ActiveCfg = Release|Any CPU
		{1643D4A8-6EBB-4EA0-A560-45C136E3F2BE}.Release|Any CPU.Build.0 = Release|Any CPU
		{9BE436D2-89EF-448F-882F-303445DCA767}.Debug|Any CPU.ActiveCfg = Debug|Any CPU
		{9BE436D2-89EF-448F-882F-303445DCA767}.Debug|Any CPU.Build.0 = Debug|Any CPU
		{9BE436D2-89EF-448F-882F-303445DCA767}.Release|Any CPU.ActiveCfg = Release|Any CPU
		{9BE436D2-89EF-448F-882F-303445DCA767}.Release|Any CPU.Build.0 = Release|Any CPU
		{9A8DB2C7-3B01-47AB-BFD6-6C06ACD74DE8}.Debug|Any CPU.ActiveCfg = Debug|Any CPU
		{9A8DB2C7-3B01-47AB-BFD6-6C06ACD74DE8}.Debug|Any CPU.Build.0 = Debug|Any CPU
		{9A8DB2C7-3B01-47AB-BFD6-6C06ACD74DE8}.Release|Any CPU.ActiveCfg = Release|Any CPU
		{9A8DB2C7-3B01-47AB-BFD6-6C06ACD74DE8}.Release|Any CPU.Build.0 = Release|Any CPU
		{B871A7CF-9DEC-45F9-80E0-E7CC141D65C2}.Debug|Any CPU.ActiveCfg = Debug|Any CPU
		{B871A7CF-9DEC-45F9-80E0-E7CC141D65C2}.Debug|Any CPU.Build.0 = Debug|Any CPU
		{B871A7CF-9DEC-45F9-80E0-E7CC141D65C2}.Release|Any CPU.ActiveCfg = Release|Any CPU
		{B871A7CF-9DEC-45F9-80E0-E7CC141D65C2}.Release|Any CPU.Build.0 = Release|Any CPU
		{95F99280-4EF9-4752-B15E-4F946CE6EEB3}.Debug|Any CPU.ActiveCfg = Debug|Any CPU
		{95F99280-4EF9-4752-B15E-4F946CE6EEB3}.Debug|Any CPU.Build.0 = Debug|Any CPU
		{95F99280-4EF9-4752-B15E-4F946CE6EEB3}.Release|Any CPU.ActiveCfg = Release|Any CPU
		{95F99280-4EF9-4752-B15E-4F946CE6EEB3}.Release|Any CPU.Build.0 = Release|Any CPU
		{46E3CBD5-DB0F-480C-9EE2-E2EDB94B888B}.Debug|Any CPU.ActiveCfg = Debug|Any CPU
		{46E3CBD5-DB0F-480C-9EE2-E2EDB94B888B}.Debug|Any CPU.Build.0 = Debug|Any CPU
		{46E3CBD5-DB0F-480C-9EE2-E2EDB94B888B}.Release|Any CPU.ActiveCfg = Release|Any CPU
		{46E3CBD5-DB0F-480C-9EE2-E2EDB94B888B}.Release|Any CPU.Build.0 = Release|Any CPU
		{24E41B5C-1CC9-47E2-A511-3F2312461F7F}.Debug|Any CPU.ActiveCfg = Debug|Any CPU
		{24E41B5C-1CC9-47E2-A511-3F2312461F7F}.Debug|Any CPU.Build.0 = Debug|Any CPU
		{24E41B5C-1CC9-47E2-A511-3F2312461F7F}.Release|Any CPU.ActiveCfg = Release|Any CPU
		{24E41B5C-1CC9-47E2-A511-3F2312461F7F}.Release|Any CPU.Build.0 = Release|Any CPU
		{F9D9675B-7593-4691-A245-1B4D0DD3C03F}.Debug|Any CPU.ActiveCfg = Debug|Any CPU
		{F9D9675B-7593-4691-A245-1B4D0DD3C03F}.Debug|Any CPU.Build.0 = Debug|Any CPU
		{F9D9675B-7593-4691-A245-1B4D0DD3C03F}.Release|Any CPU.ActiveCfg = Release|Any CPU
		{F9D9675B-7593-4691-A245-1B4D0DD3C03F}.Release|Any CPU.Build.0 = Release|Any CPU
		{84E3B187-2E17-423B-BB3E-1E0AA09D0F73}.Debug|Any CPU.ActiveCfg = Debug|Any CPU
		{84E3B187-2E17-423B-BB3E-1E0AA09D0F73}.Debug|Any CPU.Build.0 = Debug|Any CPU
		{84E3B187-2E17-423B-BB3E-1E0AA09D0F73}.Release|Any CPU.ActiveCfg = Release|Any CPU
		{84E3B187-2E17-423B-BB3E-1E0AA09D0F73}.Release|Any CPU.Build.0 = Release|Any CPU
		{327FA0B0-AD3C-4BAB-A780-49731855E2B5}.Debug|Any CPU.ActiveCfg = Debug|Any CPU
		{327FA0B0-AD3C-4BAB-A780-49731855E2B5}.Debug|Any CPU.Build.0 = Debug|Any CPU
		{327FA0B0-AD3C-4BAB-A780-49731855E2B5}.Release|Any CPU.ActiveCfg = Release|Any CPU
		{327FA0B0-AD3C-4BAB-A780-49731855E2B5}.Release|Any CPU.Build.0 = Release|Any CPU
		{21A25A47-9414-498E-9E3C-BA4F78E12F33}.Debug|Any CPU.ActiveCfg = Debug|Any CPU
		{21A25A47-9414-498E-9E3C-BA4F78E12F33}.Debug|Any CPU.Build.0 = Debug|Any CPU
		{21A25A47-9414-498E-9E3C-BA4F78E12F33}.Release|Any CPU.ActiveCfg = Release|Any CPU
		{21A25A47-9414-498E-9E3C-BA4F78E12F33}.Release|Any CPU.Build.0 = Release|Any CPU
		{C999259F-682A-4C25-AD45-93DA0A00C5FC}.Debug|Any CPU.ActiveCfg = Debug|Any CPU
		{C999259F-682A-4C25-AD45-93DA0A00C5FC}.Debug|Any CPU.Build.0 = Debug|Any CPU
		{C999259F-682A-4C25-AD45-93DA0A00C5FC}.Release|Any CPU.ActiveCfg = Release|Any CPU
		{C999259F-682A-4C25-AD45-93DA0A00C5FC}.Release|Any CPU.Build.0 = Release|Any CPU
		{B7E55A34-176E-46BB-BD4B-EA62B8310C6B}.Debug|Any CPU.ActiveCfg = Debug|Any CPU
		{B7E55A34-176E-46BB-BD4B-EA62B8310C6B}.Debug|Any CPU.Build.0 = Debug|Any CPU
		{B7E55A34-176E-46BB-BD4B-EA62B8310C6B}.Release|Any CPU.ActiveCfg = Release|Any CPU
		{B7E55A34-176E-46BB-BD4B-EA62B8310C6B}.Release|Any CPU.Build.0 = Release|Any CPU
		{EE1B4699-631A-4572-8C9E-49D2DF077D49}.Debug|Any CPU.ActiveCfg = Debug|Any CPU
		{EE1B4699-631A-4572-8C9E-49D2DF077D49}.Debug|Any CPU.Build.0 = Debug|Any CPU
		{EE1B4699-631A-4572-8C9E-49D2DF077D49}.Release|Any CPU.ActiveCfg = Release|Any CPU
		{EE1B4699-631A-4572-8C9E-49D2DF077D49}.Release|Any CPU.Build.0 = Release|Any CPU
		{A7404B77-B913-4E06-A94C-FD0BCC37AAFD}.Debug|Any CPU.ActiveCfg = Debug|Any CPU
		{A7404B77-B913-4E06-A94C-FD0BCC37AAFD}.Debug|Any CPU.Build.0 = Debug|Any CPU
		{A7404B77-B913-4E06-A94C-FD0BCC37AAFD}.Release|Any CPU.ActiveCfg = Release|Any CPU
		{A7404B77-B913-4E06-A94C-FD0BCC37AAFD}.Release|Any CPU.Build.0 = Release|Any CPU
		{6ECC664C-5E13-4E88-B5A9-94D4B474E046}.Debug|Any CPU.ActiveCfg = Debug|Any CPU
		{6ECC664C-5E13-4E88-B5A9-94D4B474E046}.Debug|Any CPU.Build.0 = Debug|Any CPU
		{6ECC664C-5E13-4E88-B5A9-94D4B474E046}.Release|Any CPU.ActiveCfg = Release|Any CPU
		{6ECC664C-5E13-4E88-B5A9-94D4B474E046}.Release|Any CPU.Build.0 = Release|Any CPU
		{E877768D-451B-4BC8-B823-33EB3136033F}.Debug|Any CPU.ActiveCfg = Debug|Any CPU
		{E877768D-451B-4BC8-B823-33EB3136033F}.Debug|Any CPU.Build.0 = Debug|Any CPU
		{E877768D-451B-4BC8-B823-33EB3136033F}.Release|Any CPU.ActiveCfg = Release|Any CPU
		{E877768D-451B-4BC8-B823-33EB3136033F}.Release|Any CPU.Build.0 = Release|Any CPU
		{6FEAAB38-DC04-4D73-A618-D233082F9419}.Debug|Any CPU.ActiveCfg = Debug|Any CPU
		{6FEAAB38-DC04-4D73-A618-D233082F9419}.Debug|Any CPU.Build.0 = Debug|Any CPU
		{6FEAAB38-DC04-4D73-A618-D233082F9419}.Release|Any CPU.ActiveCfg = Release|Any CPU
		{6FEAAB38-DC04-4D73-A618-D233082F9419}.Release|Any CPU.Build.0 = Release|Any CPU
		{B11C52EB-068F-4066-BC11-F17F84918B2B}.Debug|Any CPU.ActiveCfg = Debug|Any CPU
		{B11C52EB-068F-4066-BC11-F17F84918B2B}.Debug|Any CPU.Build.0 = Debug|Any CPU
		{B11C52EB-068F-4066-BC11-F17F84918B2B}.Release|Any CPU.ActiveCfg = Release|Any CPU
		{B11C52EB-068F-4066-BC11-F17F84918B2B}.Release|Any CPU.Build.0 = Release|Any CPU
		{418CECC4-9CC4-416B-B9A9-5BD284A0C81C}.Debug|Any CPU.ActiveCfg = Debug|Any CPU
		{418CECC4-9CC4-416B-B9A9-5BD284A0C81C}.Debug|Any CPU.Build.0 = Debug|Any CPU
		{418CECC4-9CC4-416B-B9A9-5BD284A0C81C}.Release|Any CPU.ActiveCfg = Release|Any CPU
		{418CECC4-9CC4-416B-B9A9-5BD284A0C81C}.Release|Any CPU.Build.0 = Release|Any CPU
		{06EAF1D3-E1A8-465A-9724-125C8BDB3D01}.Debug|Any CPU.ActiveCfg = Debug|Any CPU
		{06EAF1D3-E1A8-465A-9724-125C8BDB3D01}.Debug|Any CPU.Build.0 = Debug|Any CPU
		{06EAF1D3-E1A8-465A-9724-125C8BDB3D01}.Release|Any CPU.ActiveCfg = Release|Any CPU
		{06EAF1D3-E1A8-465A-9724-125C8BDB3D01}.Release|Any CPU.Build.0 = Release|Any CPU
		{D3A0A0D8-3881-4F7C-810E-2AAE6AED724D}.Debug|Any CPU.ActiveCfg = Debug|Any CPU
		{D3A0A0D8-3881-4F7C-810E-2AAE6AED724D}.Debug|Any CPU.Build.0 = Debug|Any CPU
		{D3A0A0D8-3881-4F7C-810E-2AAE6AED724D}.Release|Any CPU.ActiveCfg = Release|Any CPU
		{D3A0A0D8-3881-4F7C-810E-2AAE6AED724D}.Release|Any CPU.Build.0 = Release|Any CPU
		{6F50B6A8-D332-4F05-A011-CBB4EC6947B5}.Debug|Any CPU.ActiveCfg = Debug|Any CPU
		{6F50B6A8-D332-4F05-A011-CBB4EC6947B5}.Debug|Any CPU.Build.0 = Debug|Any CPU
		{6F50B6A8-D332-4F05-A011-CBB4EC6947B5}.Release|Any CPU.ActiveCfg = Release|Any CPU
		{6F50B6A8-D332-4F05-A011-CBB4EC6947B5}.Release|Any CPU.Build.0 = Release|Any CPU
		{413AABC6-41B2-4EFC-82A7-A6858FC3B1DF}.Debug|Any CPU.ActiveCfg = Debug|Any CPU
		{413AABC6-41B2-4EFC-82A7-A6858FC3B1DF}.Debug|Any CPU.Build.0 = Debug|Any CPU
		{413AABC6-41B2-4EFC-82A7-A6858FC3B1DF}.Release|Any CPU.ActiveCfg = Release|Any CPU
		{413AABC6-41B2-4EFC-82A7-A6858FC3B1DF}.Release|Any CPU.Build.0 = Release|Any CPU
		{B856C61D-E105-49F7-9DAF-5403BD0DE4CF}.Debug|Any CPU.ActiveCfg = Debug|Any CPU
		{B856C61D-E105-49F7-9DAF-5403BD0DE4CF}.Debug|Any CPU.Build.0 = Debug|Any CPU
		{B856C61D-E105-49F7-9DAF-5403BD0DE4CF}.Release|Any CPU.ActiveCfg = Release|Any CPU
		{B856C61D-E105-49F7-9DAF-5403BD0DE4CF}.Release|Any CPU.Build.0 = Release|Any CPU
		{818BD88A-2E14-4502-BF51-A053304EAF22}.Debug|Any CPU.ActiveCfg = Debug|Any CPU
		{818BD88A-2E14-4502-BF51-A053304EAF22}.Debug|Any CPU.Build.0 = Debug|Any CPU
		{818BD88A-2E14-4502-BF51-A053304EAF22}.Release|Any CPU.ActiveCfg = Release|Any CPU
		{818BD88A-2E14-4502-BF51-A053304EAF22}.Release|Any CPU.Build.0 = Release|Any CPU
		{93A32E6A-E43C-406F-9E40-CBBA5B8DD819}.Debug|Any CPU.ActiveCfg = Debug|Any CPU
		{93A32E6A-E43C-406F-9E40-CBBA5B8DD819}.Debug|Any CPU.Build.0 = Debug|Any CPU
		{93A32E6A-E43C-406F-9E40-CBBA5B8DD819}.Release|Any CPU.ActiveCfg = Release|Any CPU
		{93A32E6A-E43C-406F-9E40-CBBA5B8DD819}.Release|Any CPU.Build.0 = Release|Any CPU
	EndGlobalSection
	GlobalSection(SolutionProperties) = preSolution
		HideSolutionNode = FALSE
	EndGlobalSection
EndGlobal
