
Microsoft Visual Studio Solution File, Format Version 12.00
# Visual Studio 2012
Project("{FAE04EC0-301F-11D3-BF4B-00C04F79EFBC}") = "SampleLogo", "SampleLogo\SampleLogo.csproj", "{E61BCE26-13E4-4F4B-8059-6B50D7C34DA0}"
EndProject
Global
	GlobalSection(SolutionConfigurationPlatforms) = preSolution
		Debug|Any CPU = Debug|Any CPU
		Release|Any CPU = Release|Any CPU
	EndGlobalSection
	GlobalSection(ProjectConfigurationPlatforms) = postSolution
		{E61BCE26-13E4-4F4B-8059-6B50D7C34DA0}.Debug|Any CPU.ActiveCfg = Debug|Any CPU
		{E61BCE26-13E4-4F4B-8059-6B50D7C34DA0}.Debug|Any CPU.Build.0 = Debug|Any CPU
		{E61BCE26-13E4-4F4B-8059-6B50D7C34DA0}.Release|Any CPU.ActiveCfg = Release|Any CPU
		{E61BCE26-13E4-4F4B-8059-6B50D7C34DA0}.Release|Any CPU.Build.0 = Release|Any CPU
	EndGlobalSection
	GlobalSection(SolutionProperties) = preSolution
		HideSolutionNode = FALSE
	EndGlobalSection
EndGlobal
