
Microsoft Visual Studio Solution File, Format Version 12.00
# Visual Studio 2012
Project("{FAE04EC0-301F-11D3-BF4B-00C04F79EFBC}") = "02.CableTVCompany", "02.CableTVCompany\02.CableTVCompany.csproj", "{1B741D21-E6CA-4426-9275-FACDF7A25EBF}"
EndProject
Project("{FAE04EC0-301F-11D3-BF4B-00C04F79EFBC}") = "GraphLibrary", "GraphLibrary\GraphLibrary.csproj", "{8B0F2BA5-9384-4095-AE10-9D1C40ADEC2A}"
EndProject
Global
	GlobalSection(SolutionConfigurationPlatforms) = preSolution
		Debug|Any CPU = Debug|Any CPU
		Release|Any CPU = Release|Any CPU
	EndGlobalSection
	GlobalSection(ProjectConfigurationPlatforms) = postSolution
		{1B741D21-E6CA-4426-9275-FACDF7A25EBF}.Debug|Any CPU.ActiveCfg = Debug|Any CPU
		{1B741D21-E6CA-4426-9275-FACDF7A25EBF}.Debug|Any CPU.Build.0 = Debug|Any CPU
		{1B741D21-E6CA-4426-9275-FACDF7A25EBF}.Release|Any CPU.ActiveCfg = Release|Any CPU
		{1B741D21-E6CA-4426-9275-FACDF7A25EBF}.Release|Any CPU.Build.0 = Release|Any CPU
		{8B0F2BA5-9384-4095-AE10-9D1C40ADEC2A}.Debug|Any CPU.ActiveCfg = Debug|Any CPU
		{8B0F2BA5-9384-4095-AE10-9D1C40ADEC2A}.Debug|Any CPU.Build.0 = Debug|Any CPU
		{8B0F2BA5-9384-4095-AE10-9D1C40ADEC2A}.Release|Any CPU.ActiveCfg = Release|Any CPU
		{8B0F2BA5-9384-4095-AE10-9D1C40ADEC2A}.Release|Any CPU.Build.0 = Release|Any CPU
	EndGlobalSection
	GlobalSection(SolutionProperties) = preSolution
		HideSolutionNode = FALSE
	EndGlobalSection
EndGlobal
