
Microsoft Visual Studio Solution File, Format Version 12.00
# Visual Studio 2012
Project("{FAE04EC0-301F-11D3-BF4B-00C04F79EFBC}") = "01-SchoolRepPrototypal", "JS-AdvancedOOP\01-SchoolRepPrototypal.csproj", "{707F5922-5BAA-49D4-9D0A-935AFFB2AA8A}"
EndProject
Project("{FAE04EC0-301F-11D3-BF4B-00C04F79EFBC}") = "02-SchoolRepClassical", "02-SchoolRepClassical\02-SchoolRepClassical.csproj", "{1496A7AC-39BF-44AB-9CC3-2A8FC0347E13}"
EndProject
Global
	GlobalSection(SolutionConfigurationPlatforms) = preSolution
		Debug|Any CPU = Debug|Any CPU
		Release|Any CPU = Release|Any CPU
	EndGlobalSection
	GlobalSection(ProjectConfigurationPlatforms) = postSolution
		{707F5922-5BAA-49D4-9D0A-935AFFB2AA8A}.Debug|Any CPU.ActiveCfg = Debug|Any CPU
		{707F5922-5BAA-49D4-9D0A-935AFFB2AA8A}.Debug|Any CPU.Build.0 = Debug|Any CPU
		{707F5922-5BAA-49D4-9D0A-935AFFB2AA8A}.Release|Any CPU.ActiveCfg = Release|Any CPU
		{707F5922-5BAA-49D4-9D0A-935AFFB2AA8A}.Release|Any CPU.Build.0 = Release|Any CPU
		{1496A7AC-39BF-44AB-9CC3-2A8FC0347E13}.Debug|Any CPU.ActiveCfg = Debug|Any CPU
		{1496A7AC-39BF-44AB-9CC3-2A8FC0347E13}.Debug|Any CPU.Build.0 = Debug|Any CPU
		{1496A7AC-39BF-44AB-9CC3-2A8FC0347E13}.Release|Any CPU.ActiveCfg = Release|Any CPU
		{1496A7AC-39BF-44AB-9CC3-2A8FC0347E13}.Release|Any CPU.Build.0 = Release|Any CPU
	EndGlobalSection
	GlobalSection(SolutionProperties) = preSolution
		HideSolutionNode = FALSE
	EndGlobalSection
EndGlobal
