
Microsoft Visual Studio Solution File, Format Version 12.00
# Visual Studio 2012
Project("{FAE04EC0-301F-11D3-BF4B-00C04F79EFBC}") = "01-FuncsAndFuncExpressions", "01-FuncsAndFuncExpressions\01-FuncsAndFuncExpressions.csproj", "{D9737BFA-73A5-468E-AFB7-A0503723B90D}"
EndProject
Global
	GlobalSection(SolutionConfigurationPlatforms) = preSolution
		Debug|Any CPU = Debug|Any CPU
		Release|Any CPU = Release|Any CPU
	EndGlobalSection
	GlobalSection(ProjectConfigurationPlatforms) = postSolution
		{D9737BFA-73A5-468E-AFB7-A0503723B90D}.Debug|Any CPU.ActiveCfg = Debug|Any CPU
		{D9737BFA-73A5-468E-AFB7-A0503723B90D}.Debug|Any CPU.Build.0 = Debug|Any CPU
		{D9737BFA-73A5-468E-AFB7-A0503723B90D}.Release|Any CPU.ActiveCfg = Release|Any CPU
		{D9737BFA-73A5-468E-AFB7-A0503723B90D}.Release|Any CPU.Build.0 = Release|Any CPU
	EndGlobalSection
	GlobalSection(SolutionProperties) = preSolution
		HideSolutionNode = FALSE
	EndGlobalSection
EndGlobal
