
Microsoft Visual Studio Solution File, Format Version 12.00
# Visual Studio 2012
Project("{FAE04EC0-301F-11D3-BF4B-00C04F79EFBC}") = "01.Tubes", "01.Tubes\01.Tubes.csproj", "{6C347FE0-D1F9-4EB5-BDEA-050849E23965}"
EndProject
Project("{FAE04EC0-301F-11D3-BF4B-00C04F79EFBC}") = "testing", "testing\testing.csproj", "{6CF85226-759C-4F1A-8638-1C26BBCB21F3}"
EndProject
Project("{FAE04EC0-301F-11D3-BF4B-00C04F79EFBC}") = "02.BombingCuboids", "02.BombingCuboids\02.BombingCuboids.csproj", "{FA8C11D8-29ED-43CF-929F-D1337E5CBED8}"
EndProject
Project("{FAE04EC0-301F-11D3-BF4B-00C04F79EFBC}") = "03.SecretLanguage", "03.SecretLanguage\03.SecretLanguage.csproj", "{8E2E20A5-2D12-4CA2-8897-2FE6736EC95B}"
EndProject
Project("{FAE04EC0-301F-11D3-BF4B-00C04F79EFBC}") = "04.3DSlices", "3DSlices\04.3DSlices.csproj", "{83A99A95-EE7D-4F2E-8199-42D238EDAD43}"
EndProject
Project("{FAE04EC0-301F-11D3-BF4B-00C04F79EFBC}") = "Exercises", "Exercises\Exercises.csproj", "{F9335F05-CD25-4D83-8F7B-CD84F3285542}"
EndProject
Project("{FAE04EC0-301F-11D3-BF4B-00C04F79EFBC}") = "NineGagNumbers", "NineGagNumbers\NineGagNumbers.csproj", "{03949014-09CE-4E22-A153-7BC53A84D079}"
EndProject
Project("{FAE04EC0-301F-11D3-BF4B-00C04F79EFBC}") = "ThreeInOne", "ThreeInOne\ThreeInOne.csproj", "{6B6A0799-A0EE-4FD7-924A-60704F79476A}"
EndProject
Project("{FAE04EC0-301F-11D3-BF4B-00C04F79EFBC}") = "test", "test\test.csproj", "{0C054505-D420-4AFA-85AA-B67CBD64653B}"
EndProject
Project("{FAE04EC0-301F-11D3-BF4B-00C04F79EFBC}") = "TwoIsBetterThanOne", "TwoIsBetterThanOne\TwoIsBetterThanOne.csproj", "{03AEA866-906C-48A4-873C-FBA0A84A4C32}"
EndProject
Project("{FAE04EC0-301F-11D3-BF4B-00C04F79EFBC}") = "CSharpBrackets", "CSharpBrackets\CSharpBrackets.csproj", "{77D7A695-06E6-454E-9074-FAEC1EC0A9F6}"
EndProject
Project("{FAE04EC0-301F-11D3-BF4B-00C04F79EFBC}") = "DurankulakNumbers", "Durankulak\DurankulakNumbers.csproj", "{D86C72E7-1AF4-4174-A9CE-6F7353E339B3}"
EndProject
Project("{FAE04EC0-301F-11D3-BF4B-00C04F79EFBC}") = "GreedyDwarf", "GreedyDwarf\GreedyDwarf.csproj", "{0849FA3B-AD2B-4E95-B920-ACE455337CD0}"
EndProject
Project("{FAE04EC0-301F-11D3-BF4B-00C04F79EFBC}") = "KaspichanNumers", "KaspichanNumers\KaspichanNumers.csproj", "{A319D2A3-61EB-4E31-B718-101929DC4739}"
EndProject
Project("{FAE04EC0-301F-11D3-BF4B-00C04F79EFBC}") = "Slides", "Slides\Slides.csproj", "{699D03FC-4CF8-4EE8-AFB5-B365F28D0581}"
EndProject
Project("{FAE04EC0-301F-11D3-BF4B-00C04F79EFBC}") = "SpecialValue", "SpecialValue\SpecialValue.csproj", "{926272AD-295A-43AF-8A41-7CE6730021CE}"
EndProject
Project("{FAE04EC0-301F-11D3-BF4B-00C04F79EFBC}") = "KukataIsDancing", "KukataIsDancing\KukataIsDancing.csproj", "{B3F5D89C-347D-4FB6-A908-2031021CDD17}"
EndProject
Project("{FAE04EC0-301F-11D3-BF4B-00C04F79EFBC}") = "Laser", "Laser\Laser.csproj", "{4BE7500C-D1BE-450C-990D-A32EEE451789}"
EndProject
Project("{FAE04EC0-301F-11D3-BF4B-00C04F79EFBC}") = "JoroTheRabbit", "JoroTheRabbit\JoroTheRabbit.csproj", "{AF6F5297-DA94-4C97-8F3B-D8D5C2599B09}"
EndProject
Project("{FAE04EC0-301F-11D3-BF4B-00C04F79EFBC}") = "Guitar", "Guitar\Guitar.csproj", "{D8353DC5-0989-4784-B5EE-6CF904B291B0}"
EndProject
Project("{FAE04EC0-301F-11D3-BF4B-00C04F79EFBC}") = "3DMaxWalk", "3DMaxWalk\3DMaxWalk.csproj", "{B136EF6B-637E-4CF1-9AE1-DC5A6D756F70}"
EndProject
Project("{FAE04EC0-301F-11D3-BF4B-00C04F79EFBC}") = "Indices", "Indices\Indices.csproj", "{C04644F9-8BE8-416A-96CB-A113B8ECD308}"
EndProject
Project("{FAE04EC0-301F-11D3-BF4B-00C04F79EFBC}") = "CSharpCleanCode", "CSharpCleanCode\CSharpCleanCode.csproj", "{E9F38EDC-6B99-4F6A-8729-E69B0F12E08E}"
EndProject
Project("{FAE04EC0-301F-11D3-BF4B-00C04F79EFBC}") = "Employees", "Employees\Employees.csproj", "{46CD1860-74E5-4223-A630-3885AE2A2990}"
EndProject
Project("{FAE04EC0-301F-11D3-BF4B-00C04F79EFBC}") = "AirplaneDrinks", "AirplaneDrinks\AirplaneDrinks.csproj", "{B92A204E-13E6-44AD-B932-23A8EBB54084}"
EndProject
Project("{FAE04EC0-301F-11D3-BF4B-00C04F79EFBC}") = "GenomeDecoder", "GenomeDecoder\GenomeDecoder.csproj", "{79706BB8-5D56-4B43-81E3-F0EB1BBB6D68}"
EndProject
Project("{FAE04EC0-301F-11D3-BF4B-00C04F79EFBC}") = "Tic-Tac-Toe", "Tic-Tac-Toe\Tic-Tac-Toe.csproj", "{498EC15B-FCF1-468C-88B7-24F4F31FFDB7}"
EndProject
Project("{FAE04EC0-301F-11D3-BF4B-00C04F79EFBC}") = "3DLines", "3DLines\3DLines.csproj", "{CA4859B7-9E43-44A8-9989-CEC930E397B6}"
EndProject
Project("{FAE04EC0-301F-11D3-BF4B-00C04F79EFBC}") = "3DStars", "3DStars\3DStars.csproj", "{EF856AFF-6604-4FB8-9CF6-4C1417B8F633}"
EndProject
Project("{FAE04EC0-301F-11D3-BF4B-00C04F79EFBC}") = "PHPVariables", "PHPVariables\PHPVariables.csproj", "{096C5422-8DCE-495E-AA41-98FC1B52F536}"
EndProject
Project("{FAE04EC0-301F-11D3-BF4B-00C04F79EFBC}") = "Cooking", "Cooking\Cooking.csproj", "{DA2EBF9A-C946-4169-82CF-A0B065898C74}"
EndProject
Project("{FAE04EC0-301F-11D3-BF4B-00C04F79EFBC}") = "BasicBASIC", "BasicBASIC\BasicBASIC.csproj", "{3FBED803-A71F-4E0F-830F-ED1DC429C041}"
EndProject
Project("{FAE04EC0-301F-11D3-BF4B-00C04F79EFBC}") = "ConsoleJustification", "ConsoleJustification\ConsoleJustification.csproj", "{4A4A2B49-D27A-47F9-BF65-DE461D91D1E4}"
EndProject
Project("{FAE04EC0-301F-11D3-BF4B-00C04F79EFBC}") = "FTML", "FTML\FTML.csproj", "{395F8A89-EC36-499A-BD09-B721AE24CF1C}"
EndProject
Project("{FAE04EC0-301F-11D3-BF4B-00C04F79EFBC}") = "OneTaskIsNotEnough", "OneTaskIsNotEnough\OneTaskIsNotEnough.csproj", "{6D568CF4-4598-4518-8CB0-8D9AEB40E430}"
EndProject
Project("{FAE04EC0-301F-11D3-BF4B-00C04F79EFBC}") = "TestHW", "TestHW\TestHW.csproj", "{219AE867-EE4A-4CB3-AB9B-FA2D82848F4A}"
EndProject
Global
	GlobalSection(SolutionConfigurationPlatforms) = preSolution
		Debug|Any CPU = Debug|Any CPU
		Release|Any CPU = Release|Any CPU
	EndGlobalSection
	GlobalSection(ProjectConfigurationPlatforms) = postSolution
		{6C347FE0-D1F9-4EB5-BDEA-050849E23965}.Debug|Any CPU.ActiveCfg = Debug|Any CPU
		{6C347FE0-D1F9-4EB5-BDEA-050849E23965}.Debug|Any CPU.Build.0 = Debug|Any CPU
		{6C347FE0-D1F9-4EB5-BDEA-050849E23965}.Release|Any CPU.ActiveCfg = Release|Any CPU
		{6C347FE0-D1F9-4EB5-BDEA-050849E23965}.Release|Any CPU.Build.0 = Release|Any CPU
		{6CF85226-759C-4F1A-8638-1C26BBCB21F3}.Debug|Any CPU.ActiveCfg = Debug|Any CPU
		{6CF85226-759C-4F1A-8638-1C26BBCB21F3}.Debug|Any CPU.Build.0 = Debug|Any CPU
		{6CF85226-759C-4F1A-8638-1C26BBCB21F3}.Release|Any CPU.ActiveCfg = Release|Any CPU
		{6CF85226-759C-4F1A-8638-1C26BBCB21F3}.Release|Any CPU.Build.0 = Release|Any CPU
		{FA8C11D8-29ED-43CF-929F-D1337E5CBED8}.Debug|Any CPU.ActiveCfg = Debug|Any CPU
		{FA8C11D8-29ED-43CF-929F-D1337E5CBED8}.Debug|Any CPU.Build.0 = Debug|Any CPU
		{FA8C11D8-29ED-43CF-929F-D1337E5CBED8}.Release|Any CPU.ActiveCfg = Release|Any CPU
		{FA8C11D8-29ED-43CF-929F-D1337E5CBED8}.Release|Any CPU.Build.0 = Release|Any CPU
		{8E2E20A5-2D12-4CA2-8897-2FE6736EC95B}.Debug|Any CPU.ActiveCfg = Debug|Any CPU
		{8E2E20A5-2D12-4CA2-8897-2FE6736EC95B}.Debug|Any CPU.Build.0 = Debug|Any CPU
		{8E2E20A5-2D12-4CA2-8897-2FE6736EC95B}.Release|Any CPU.ActiveCfg = Release|Any CPU
		{8E2E20A5-2D12-4CA2-8897-2FE6736EC95B}.Release|Any CPU.Build.0 = Release|Any CPU
		{83A99A95-EE7D-4F2E-8199-42D238EDAD43}.Debug|Any CPU.ActiveCfg = Debug|Any CPU
		{83A99A95-EE7D-4F2E-8199-42D238EDAD43}.Debug|Any CPU.Build.0 = Debug|Any CPU
		{83A99A95-EE7D-4F2E-8199-42D238EDAD43}.Release|Any CPU.ActiveCfg = Release|Any CPU
		{83A99A95-EE7D-4F2E-8199-42D238EDAD43}.Release|Any CPU.Build.0 = Release|Any CPU
		{F9335F05-CD25-4D83-8F7B-CD84F3285542}.Debug|Any CPU.ActiveCfg = Debug|Any CPU
		{F9335F05-CD25-4D83-8F7B-CD84F3285542}.Debug|Any CPU.Build.0 = Debug|Any CPU
		{F9335F05-CD25-4D83-8F7B-CD84F3285542}.Release|Any CPU.ActiveCfg = Release|Any CPU
		{F9335F05-CD25-4D83-8F7B-CD84F3285542}.Release|Any CPU.Build.0 = Release|Any CPU
		{03949014-09CE-4E22-A153-7BC53A84D079}.Debug|Any CPU.ActiveCfg = Debug|Any CPU
		{03949014-09CE-4E22-A153-7BC53A84D079}.Debug|Any CPU.Build.0 = Debug|Any CPU
		{03949014-09CE-4E22-A153-7BC53A84D079}.Release|Any CPU.ActiveCfg = Release|Any CPU
		{03949014-09CE-4E22-A153-7BC53A84D079}.Release|Any CPU.Build.0 = Release|Any CPU
		{6B6A0799-A0EE-4FD7-924A-60704F79476A}.Debug|Any CPU.ActiveCfg = Debug|Any CPU
		{6B6A0799-A0EE-4FD7-924A-60704F79476A}.Debug|Any CPU.Build.0 = Debug|Any CPU
		{6B6A0799-A0EE-4FD7-924A-60704F79476A}.Release|Any CPU.ActiveCfg = Release|Any CPU
		{6B6A0799-A0EE-4FD7-924A-60704F79476A}.Release|Any CPU.Build.0 = Release|Any CPU
		{0C054505-D420-4AFA-85AA-B67CBD64653B}.Debug|Any CPU.ActiveCfg = Debug|Any CPU
		{0C054505-D420-4AFA-85AA-B67CBD64653B}.Debug|Any CPU.Build.0 = Debug|Any CPU
		{0C054505-D420-4AFA-85AA-B67CBD64653B}.Release|Any CPU.ActiveCfg = Release|Any CPU
		{0C054505-D420-4AFA-85AA-B67CBD64653B}.Release|Any CPU.Build.0 = Release|Any CPU
		{03AEA866-906C-48A4-873C-FBA0A84A4C32}.Debug|Any CPU.ActiveCfg = Debug|Any CPU
		{03AEA866-906C-48A4-873C-FBA0A84A4C32}.Debug|Any CPU.Build.0 = Debug|Any CPU
		{03AEA866-906C-48A4-873C-FBA0A84A4C32}.Release|Any CPU.ActiveCfg = Release|Any CPU
		{03AEA866-906C-48A4-873C-FBA0A84A4C32}.Release|Any CPU.Build.0 = Release|Any CPU
		{77D7A695-06E6-454E-9074-FAEC1EC0A9F6}.Debug|Any CPU.ActiveCfg = Debug|Any CPU
		{77D7A695-06E6-454E-9074-FAEC1EC0A9F6}.Debug|Any CPU.Build.0 = Debug|Any CPU
		{77D7A695-06E6-454E-9074-FAEC1EC0A9F6}.Release|Any CPU.ActiveCfg = Release|Any CPU
		{77D7A695-06E6-454E-9074-FAEC1EC0A9F6}.Release|Any CPU.Build.0 = Release|Any CPU
		{D86C72E7-1AF4-4174-A9CE-6F7353E339B3}.Debug|Any CPU.ActiveCfg = Debug|Any CPU
		{D86C72E7-1AF4-4174-A9CE-6F7353E339B3}.Debug|Any CPU.Build.0 = Debug|Any CPU
		{D86C72E7-1AF4-4174-A9CE-6F7353E339B3}.Release|Any CPU.ActiveCfg = Release|Any CPU
		{D86C72E7-1AF4-4174-A9CE-6F7353E339B3}.Release|Any CPU.Build.0 = Release|Any CPU
		{0849FA3B-AD2B-4E95-B920-ACE455337CD0}.Debug|Any CPU.ActiveCfg = Debug|Any CPU
		{0849FA3B-AD2B-4E95-B920-ACE455337CD0}.Debug|Any CPU.Build.0 = Debug|Any CPU
		{0849FA3B-AD2B-4E95-B920-ACE455337CD0}.Release|Any CPU.ActiveCfg = Release|Any CPU
		{0849FA3B-AD2B-4E95-B920-ACE455337CD0}.Release|Any CPU.Build.0 = Release|Any CPU
		{A319D2A3-61EB-4E31-B718-101929DC4739}.Debug|Any CPU.ActiveCfg = Debug|Any CPU
		{A319D2A3-61EB-4E31-B718-101929DC4739}.Debug|Any CPU.Build.0 = Debug|Any CPU
		{A319D2A3-61EB-4E31-B718-101929DC4739}.Release|Any CPU.ActiveCfg = Release|Any CPU
		{A319D2A3-61EB-4E31-B718-101929DC4739}.Release|Any CPU.Build.0 = Release|Any CPU
		{699D03FC-4CF8-4EE8-AFB5-B365F28D0581}.Debug|Any CPU.ActiveCfg = Debug|Any CPU
		{699D03FC-4CF8-4EE8-AFB5-B365F28D0581}.Debug|Any CPU.Build.0 = Debug|Any CPU
		{699D03FC-4CF8-4EE8-AFB5-B365F28D0581}.Release|Any CPU.ActiveCfg = Release|Any CPU
		{699D03FC-4CF8-4EE8-AFB5-B365F28D0581}.Release|Any CPU.Build.0 = Release|Any CPU
		{926272AD-295A-43AF-8A41-7CE6730021CE}.Debug|Any CPU.ActiveCfg = Debug|Any CPU
		{926272AD-295A-43AF-8A41-7CE6730021CE}.Debug|Any CPU.Build.0 = Debug|Any CPU
		{926272AD-295A-43AF-8A41-7CE6730021CE}.Release|Any CPU.ActiveCfg = Release|Any CPU
		{926272AD-295A-43AF-8A41-7CE6730021CE}.Release|Any CPU.Build.0 = Release|Any CPU
		{B3F5D89C-347D-4FB6-A908-2031021CDD17}.Debug|Any CPU.ActiveCfg = Debug|Any CPU
		{B3F5D89C-347D-4FB6-A908-2031021CDD17}.Debug|Any CPU.Build.0 = Debug|Any CPU
		{B3F5D89C-347D-4FB6-A908-2031021CDD17}.Release|Any CPU.ActiveCfg = Release|Any CPU
		{B3F5D89C-347D-4FB6-A908-2031021CDD17}.Release|Any CPU.Build.0 = Release|Any CPU
		{4BE7500C-D1BE-450C-990D-A32EEE451789}.Debug|Any CPU.ActiveCfg = Debug|Any CPU
		{4BE7500C-D1BE-450C-990D-A32EEE451789}.Debug|Any CPU.Build.0 = Debug|Any CPU
		{4BE7500C-D1BE-450C-990D-A32EEE451789}.Release|Any CPU.ActiveCfg = Release|Any CPU
		{4BE7500C-D1BE-450C-990D-A32EEE451789}.Release|Any CPU.Build.0 = Release|Any CPU
		{AF6F5297-DA94-4C97-8F3B-D8D5C2599B09}.Debug|Any CPU.ActiveCfg = Debug|Any CPU
		{AF6F5297-DA94-4C97-8F3B-D8D5C2599B09}.Debug|Any CPU.Build.0 = Debug|Any CPU
		{AF6F5297-DA94-4C97-8F3B-D8D5C2599B09}.Release|Any CPU.ActiveCfg = Release|Any CPU
		{AF6F5297-DA94-4C97-8F3B-D8D5C2599B09}.Release|Any CPU.Build.0 = Release|Any CPU
		{D8353DC5-0989-4784-B5EE-6CF904B291B0}.Debug|Any CPU.ActiveCfg = Debug|Any CPU
		{D8353DC5-0989-4784-B5EE-6CF904B291B0}.Debug|Any CPU.Build.0 = Debug|Any CPU
		{D8353DC5-0989-4784-B5EE-6CF904B291B0}.Release|Any CPU.ActiveCfg = Release|Any CPU
		{D8353DC5-0989-4784-B5EE-6CF904B291B0}.Release|Any CPU.Build.0 = Release|Any CPU
		{B136EF6B-637E-4CF1-9AE1-DC5A6D756F70}.Debug|Any CPU.ActiveCfg = Debug|Any CPU
		{B136EF6B-637E-4CF1-9AE1-DC5A6D756F70}.Debug|Any CPU.Build.0 = Debug|Any CPU
		{B136EF6B-637E-4CF1-9AE1-DC5A6D756F70}.Release|Any CPU.ActiveCfg = Release|Any CPU
		{B136EF6B-637E-4CF1-9AE1-DC5A6D756F70}.Release|Any CPU.Build.0 = Release|Any CPU
		{C04644F9-8BE8-416A-96CB-A113B8ECD308}.Debug|Any CPU.ActiveCfg = Debug|Any CPU
		{C04644F9-8BE8-416A-96CB-A113B8ECD308}.Debug|Any CPU.Build.0 = Debug|Any CPU
		{C04644F9-8BE8-416A-96CB-A113B8ECD308}.Release|Any CPU.ActiveCfg = Release|Any CPU
		{C04644F9-8BE8-416A-96CB-A113B8ECD308}.Release|Any CPU.Build.0 = Release|Any CPU
		{E9F38EDC-6B99-4F6A-8729-E69B0F12E08E}.Debug|Any CPU.ActiveCfg = Debug|Any CPU
		{E9F38EDC-6B99-4F6A-8729-E69B0F12E08E}.Debug|Any CPU.Build.0 = Debug|Any CPU
		{E9F38EDC-6B99-4F6A-8729-E69B0F12E08E}.Release|Any CPU.ActiveCfg = Release|Any CPU
		{E9F38EDC-6B99-4F6A-8729-E69B0F12E08E}.Release|Any CPU.Build.0 = Release|Any CPU
		{46CD1860-74E5-4223-A630-3885AE2A2990}.Debug|Any CPU.ActiveCfg = Debug|Any CPU
		{46CD1860-74E5-4223-A630-3885AE2A2990}.Debug|Any CPU.Build.0 = Debug|Any CPU
		{46CD1860-74E5-4223-A630-3885AE2A2990}.Release|Any CPU.ActiveCfg = Release|Any CPU
		{46CD1860-74E5-4223-A630-3885AE2A2990}.Release|Any CPU.Build.0 = Release|Any CPU
		{B92A204E-13E6-44AD-B932-23A8EBB54084}.Debug|Any CPU.ActiveCfg = Debug|Any CPU
		{B92A204E-13E6-44AD-B932-23A8EBB54084}.Debug|Any CPU.Build.0 = Debug|Any CPU
		{B92A204E-13E6-44AD-B932-23A8EBB54084}.Release|Any CPU.ActiveCfg = Release|Any CPU
		{B92A204E-13E6-44AD-B932-23A8EBB54084}.Release|Any CPU.Build.0 = Release|Any CPU
		{79706BB8-5D56-4B43-81E3-F0EB1BBB6D68}.Debug|Any CPU.ActiveCfg = Debug|Any CPU
		{79706BB8-5D56-4B43-81E3-F0EB1BBB6D68}.Debug|Any CPU.Build.0 = Debug|Any CPU
		{79706BB8-5D56-4B43-81E3-F0EB1BBB6D68}.Release|Any CPU.ActiveCfg = Release|Any CPU
		{79706BB8-5D56-4B43-81E3-F0EB1BBB6D68}.Release|Any CPU.Build.0 = Release|Any CPU
		{498EC15B-FCF1-468C-88B7-24F4F31FFDB7}.Debug|Any CPU.ActiveCfg = Debug|Any CPU
		{498EC15B-FCF1-468C-88B7-24F4F31FFDB7}.Debug|Any CPU.Build.0 = Debug|Any CPU
		{498EC15B-FCF1-468C-88B7-24F4F31FFDB7}.Release|Any CPU.ActiveCfg = Release|Any CPU
		{498EC15B-FCF1-468C-88B7-24F4F31FFDB7}.Release|Any CPU.Build.0 = Release|Any CPU
		{CA4859B7-9E43-44A8-9989-CEC930E397B6}.Debug|Any CPU.ActiveCfg = Debug|Any CPU
		{CA4859B7-9E43-44A8-9989-CEC930E397B6}.Debug|Any CPU.Build.0 = Debug|Any CPU
		{CA4859B7-9E43-44A8-9989-CEC930E397B6}.Release|Any CPU.ActiveCfg = Release|Any CPU
		{CA4859B7-9E43-44A8-9989-CEC930E397B6}.Release|Any CPU.Build.0 = Release|Any CPU
		{EF856AFF-6604-4FB8-9CF6-4C1417B8F633}.Debug|Any CPU.ActiveCfg = Debug|Any CPU
		{EF856AFF-6604-4FB8-9CF6-4C1417B8F633}.Debug|Any CPU.Build.0 = Debug|Any CPU
		{EF856AFF-6604-4FB8-9CF6-4C1417B8F633}.Release|Any CPU.ActiveCfg = Release|Any CPU
		{EF856AFF-6604-4FB8-9CF6-4C1417B8F633}.Release|Any CPU.Build.0 = Release|Any CPU
		{096C5422-8DCE-495E-AA41-98FC1B52F536}.Debug|Any CPU.ActiveCfg = Debug|Any CPU
		{096C5422-8DCE-495E-AA41-98FC1B52F536}.Debug|Any CPU.Build.0 = Debug|Any CPU
		{096C5422-8DCE-495E-AA41-98FC1B52F536}.Release|Any CPU.ActiveCfg = Release|Any CPU
		{096C5422-8DCE-495E-AA41-98FC1B52F536}.Release|Any CPU.Build.0 = Release|Any CPU
		{DA2EBF9A-C946-4169-82CF-A0B065898C74}.Debug|Any CPU.ActiveCfg = Debug|Any CPU
		{DA2EBF9A-C946-4169-82CF-A0B065898C74}.Debug|Any CPU.Build.0 = Debug|Any CPU
		{DA2EBF9A-C946-4169-82CF-A0B065898C74}.Release|Any CPU.ActiveCfg = Release|Any CPU
		{DA2EBF9A-C946-4169-82CF-A0B065898C74}.Release|Any CPU.Build.0 = Release|Any CPU
		{3FBED803-A71F-4E0F-830F-ED1DC429C041}.Debug|Any CPU.ActiveCfg = Debug|Any CPU
		{3FBED803-A71F-4E0F-830F-ED1DC429C041}.Debug|Any CPU.Build.0 = Debug|Any CPU
		{3FBED803-A71F-4E0F-830F-ED1DC429C041}.Release|Any CPU.ActiveCfg = Release|Any CPU
		{3FBED803-A71F-4E0F-830F-ED1DC429C041}.Release|Any CPU.Build.0 = Release|Any CPU
		{4A4A2B49-D27A-47F9-BF65-DE461D91D1E4}.Debug|Any CPU.ActiveCfg = Debug|Any CPU
		{4A4A2B49-D27A-47F9-BF65-DE461D91D1E4}.Debug|Any CPU.Build.0 = Debug|Any CPU
		{4A4A2B49-D27A-47F9-BF65-DE461D91D1E4}.Release|Any CPU.ActiveCfg = Release|Any CPU
		{4A4A2B49-D27A-47F9-BF65-DE461D91D1E4}.Release|Any CPU.Build.0 = Release|Any CPU
		{395F8A89-EC36-499A-BD09-B721AE24CF1C}.Debug|Any CPU.ActiveCfg = Debug|Any CPU
		{395F8A89-EC36-499A-BD09-B721AE24CF1C}.Debug|Any CPU.Build.0 = Debug|Any CPU
		{395F8A89-EC36-499A-BD09-B721AE24CF1C}.Release|Any CPU.ActiveCfg = Release|Any CPU
		{395F8A89-EC36-499A-BD09-B721AE24CF1C}.Release|Any CPU.Build.0 = Release|Any CPU
		{6D568CF4-4598-4518-8CB0-8D9AEB40E430}.Debug|Any CPU.ActiveCfg = Debug|Any CPU
		{6D568CF4-4598-4518-8CB0-8D9AEB40E430}.Debug|Any CPU.Build.0 = Debug|Any CPU
		{6D568CF4-4598-4518-8CB0-8D9AEB40E430}.Release|Any CPU.ActiveCfg = Release|Any CPU
		{6D568CF4-4598-4518-8CB0-8D9AEB40E430}.Release|Any CPU.Build.0 = Release|Any CPU
		{219AE867-EE4A-4CB3-AB9B-FA2D82848F4A}.Debug|Any CPU.ActiveCfg = Debug|Any CPU
		{219AE867-EE4A-4CB3-AB9B-FA2D82848F4A}.Debug|Any CPU.Build.0 = Debug|Any CPU
		{219AE867-EE4A-4CB3-AB9B-FA2D82848F4A}.Release|Any CPU.ActiveCfg = Release|Any CPU
		{219AE867-EE4A-4CB3-AB9B-FA2D82848F4A}.Release|Any CPU.Build.0 = Release|Any CPU
	EndGlobalSection
	GlobalSection(SolutionProperties) = preSolution
		HideSolutionNode = FALSE
	EndGlobalSection
EndGlobal
