// !$*UTF8*$!
{
	archiveVersion = 1;
	classes = {
	};
	objectVersion = 46;
	objects = {

/* Begin PBXBuildFile section */
		84907A851A00116700B661F4 /* main.m in Sources */ = {isa = PBXBuildFile; fileRef = 84907A841A00116700B661F4 /* main.m */; };
		84907A881A00116700B661F4 /* AppDelegate.m in Sources */ = {isa = PBXBuildFile; fileRef = 84907A871A00116700B661F4 /* AppDelegate.m */; };
		84907A8B1A00116700B661F4 /* ViewController.m in Sources */ = {isa = PBXBuildFile; fileRef = 84907A8A1A00116700B661F4 /* ViewController.m */; };
		84907A8E1A00116700B661F4 /* Main.storyboard in Resources */ = {isa = PBXBuildFile; fileRef = 84907A8C1A00116700B661F4 /* Main.storyboard */; };
		84907A901A00116700B661F4 /* Images.xcassets in Resources */ = {isa = PBXBuildFile; fileRef = 84907A8F1A00116700B661F4 /* Images.xcassets */; };
		84907A931A00116700B661F4 /* LaunchScreen.xib in Resources */ = {isa = PBXBuildFile; fileRef = 84907A911A00116700B661F4 /* LaunchScreen.xib */; };
		84907A9F1A00116700B661F4 /* EventManagerAppTests.m in Sources */ = {isa = PBXBuildFile; fileRef = 84907A9E1A00116700B661F4 /* EventManagerAppTests.m */; };
/* End PBXBuildFile section */

/* Begin PBXContainerItemProxy section */
		84907A991A00116700B661F4 /* PBXContainerItemProxy */ = {
			isa = PBXContainerItemProxy;
			containerPortal = 84907A771A00116700B661F4 /* Project object */;
			proxyType = 1;
			remoteGlobalIDString = 84907A7E1A00116700B661F4;
			remoteInfo = EventManagerApp;
		};
/* End PBXContainerItemProxy section */

/* Begin PBXFileReference section */
		84907A7F1A00116700B661F4 /* EventManagerApp.app */ = {isa = PBXFileReference; explicitFileType = wrapper.application; includeInIndex = 0; path = EventManagerApp.app; sourceTree = BUILT_PRODUCTS_DIR; };
		84907A831A00116700B661F4 /* Info.plist */ = {isa = PBXFileReference; lastKnownFileType = text.plist.xml; path = Info.plist; sourceTree = "<group>"; };
		84907A841A00116700B661F4 /* main.m */ = {isa = PBXFileReference; lastKnownFileType = sourcecode.c.objc; path = main.m; sourceTree = "<group>"; };
		84907A861A00116700B661F4 /* AppDelegate.h */ = {isa = PBXFileReference; lastKnownFileType = sourcecode.c.h; path = AppDelegate.h; sourceTree = "<group>"; };
		84907A871A00116700B661F4 /* AppDelegate.m */ = {isa = PBXFileReference; lastKnownFileType = sourcecode.c.objc; path = AppDelegate.m; sourceTree = "<group>"; };
		84907A891A00116700B661F4 /* ViewController.h */ = {isa = PBXFileReference; lastKnownFileType = sourcecode.c.h; path = ViewController.h; sourceTree = "<group>"; };
		84907A8A1A00116700B661F4 /* ViewController.m */ = {isa = PBXFileReference; lastKnownFileType = sourcecode.c.objc; path = ViewController.m; sourceTree = "<group>"; };
		84907A8D1A00116700B661F4 /* Base */ = {isa = PBXFileReference; lastKnownFileType = file.storyboard; name = Base; path = Base.lproj/Main.storyboard; sourceTree = "<group>"; };
		84907A8F1A00116700B661F4 /* Images.xcassets */ = {isa = PBXFileReference; lastKnownFileType = folder.assetcatalog; path = Images.xcassets; sourceTree = "<group>"; };
		84907A921A00116700B661F4 /* Base */ = {isa = PBXFileReference; lastKnownFileType = file.xib; name = Base; path = Base.lproj/LaunchScreen.xib; sourceTree = "<group>"; };
		84907A981A00116700B661F4 /* EventManagerAppTests.xctest */ = {isa = PBXFileReference; explicitFileType = wrapper.cfbundle; includeInIndex = 0; path = EventManagerAppTests.xctest; sourceTree = BUILT_PRODUCTS_DIR; };
		84907A9D1A00116700B661F4 /* Info.plist */ = {isa = PBXFileReference; lastKnownFileType = text.plist.xml; path = Info.plist; sourceTree = "<group>"; };
		84907A9E1A00116700B661F4 /* EventManagerAppTests.m */ = {isa = PBXFileReference; lastKnownFileType = sourcecode.c.objc; path = EventManagerAppTests.m; sourceTree = "<group>"; };
/* End PBXFileReference section */

/* Begin PBXFrameworksBuildPhase section */
		84907A7C1A00116700B661F4 /* Frameworks */ = {
			isa = PBXFrameworksBuildPhase;
			buildActionMask = 2147483647;
			files = (
			);
			runOnlyForDeploymentPostprocessing = 0;
		};
		84907A951A00116700B661F4 /* Frameworks */ = {
			isa = PBXFrameworksBuildPhase;
			buildActionMask = 2147483647;
			files = (
			);
			runOnlyForDeploymentPostprocessing = 0;
		};
/* End PBXFrameworksBuildPhase section */

/* Begin PBXGroup section */
		84907A761A00116700B661F4 = {
			isa = PBXGroup;
			children = (
				84907A811A00116700B661F4 /* EventManagerApp */,
				84907A9B1A00116700B661F4 /* EventManagerAppTests */,
				84907A801A00116700B661F4 /* Products */,
			);
			sourceTree = "<group>";
		};
		84907A801A00116700B661F4 /* Products */ = {
			isa = PBXGroup;
			children = (
				84907A7F1A00116700B661F4 /* EventManagerApp.app */,
				84907A981A00116700B661F4 /* EventManagerAppTests.xctest */,
			);
			name = Products;
			sourceTree = "<group>";
		};
		84907A811A00116700B661F4 /* EventManagerApp */ = {
			isa = PBXGroup;
			children = (
				84907A861A00116700B661F4 /* AppDelegate.h */,
				84907A871A00116700B661F4 /* AppDelegate.m */,
				84907A891A00116700B661F4 /* ViewController.h */,
				84907A8A1A00116700B661F4 /* ViewController.m */,
				84907A8C1A00116700B661F4 /* Main.storyboard */,
				84907A8F1A00116700B661F4 /* Images.xcassets */,
				84907A911A00116700B661F4 /* LaunchScreen.xib */,
				84907A821A00116700B661F4 /* Supporting Files */,
			);
			path = EventManagerApp;
			sourceTree = "<group>";
		};
		84907A821A00116700B661F4 /* Supporting Files */ = {
			isa = PBXGroup;
			children = (
				84907A831A00116700B661F4 /* Info.plist */,
				84907A841A00116700B661F4 /* main.m */,
			);
			name = "Supporting Files";
			sourceTree = "<group>";
		};
		84907A9B1A00116700B661F4 /* EventManagerAppTests */ = {
			isa = PBXGroup;
			children = (
				84907A9E1A00116700B661F4 /* EventManagerAppTests.m */,
				84907A9C1A00116700B661F4 /* Supporting Files */,
			);
			path = EventManagerAppTests;
			sourceTree = "<group>";
		};
		84907A9C1A00116700B661F4 /* Supporting Files */ = {
			isa = PBXGroup;
			children = (
				84907A9D1A00116700B661F4 /* Info.plist */,
			);
			name = "Supporting Files";
			sourceTree = "<group>";
		};
/* End PBXGroup section */

/* Begin PBXNativeTarget section */
		84907A7E1A00116700B661F4 /* EventManagerApp */ = {
			isa = PBXNativeTarget;
			buildConfigurationList = 84907AA21A00116700B661F4 /* Build configuration list for PBXNativeTarget "EventManagerApp" */;
			buildPhases = (
				84907A7B1A00116700B661F4 /* Sources */,
				84907A7C1A00116700B661F4 /* Frameworks */,
				84907A7D1A00116700B661F4 /* Resources */,
			);
			buildRules = (
			);
			dependencies = (
			);
			name = EventManagerApp;
			productName = EventManagerApp;
			productReference = 84907A7F1A00116700B661F4 /* EventManagerApp.app */;
			productType = "com.apple.product-type.application";
		};
		84907A971A00116700B661F4 /* EventManagerAppTests */ = {
			isa = PBXNativeTarget;
			buildConfigurationList = 84907AA51A00116700B661F4 /* Build configuration list for PBXNativeTarget "EventManagerAppTests" */;
			buildPhases = (
				84907A941A00116700B661F4 /* Sources */,
				84907A951A00116700B661F4 /* Frameworks */,
				84907A961A00116700B661F4 /* Resources */,
			);
			buildRules = (
			);
			dependencies = (
				84907A9A1A00116700B661F4 /* PBXTargetDependency */,
			);
			name = EventManagerAppTests;
			productName = EventManagerAppTests;
			productReference = 84907A981A00116700B661F4 /* EventManagerAppTests.xctest */;
			productType = "com.apple.product-type.bundle.unit-test";
		};
/* End PBXNativeTarget section */

/* Begin PBXProject section */
		84907A771A00116700B661F4 /* Project object */ = {
			isa = PBXProject;
			attributes = {
				LastUpgradeCheck = 0610;
				ORGANIZATIONNAME = admin;
				TargetAttributes = {
					84907A7E1A00116700B661F4 = {
						CreatedOnToolsVersion = 6.1;
					};
					84907A971A00116700B661F4 = {
						CreatedOnToolsVersion = 6.1;
						TestTargetID = 84907A7E1A00116700B661F4;
					};
				};
			};
			buildConfigurationList = 84907A7A1A00116700B661F4 /* Build configuration list for PBXProject "EventManagerApp" */;
			compatibilityVersion = "Xcode 3.2";
			developmentRegion = English;
			hasScannedForEncodings = 0;
			knownRegions = (
				en,
				Base,
			);
			mainGroup = 84907A761A00116700B661F4;
			productRefGroup = 84907A801A00116700B661F4 /* Products */;
			projectDirPath = "";
			projectRoot = "";
			targets = (
				84907A7E1A00116700B661F4 /* EventManagerApp */,
				84907A971A00116700B661F4 /* EventManagerAppTests */,
			);
		};
/* End PBXProject section */

/* Begin PBXResourcesBuildPhase section */
		84907A7D1A00116700B661F4 /* Resources */ = {
			isa = PBXResourcesBuildPhase;
			buildActionMask = 2147483647;
			files = (
				84907A8E1A00116700B661F4 /* Main.storyboard in Resources */,
				84907A931A00116700B661F4 /* LaunchScreen.xib in Resources */,
				84907A901A00116700B661F4 /* Images.xcassets in Resources */,
			);
			runOnlyForDeploymentPostprocessing = 0;
		};
		84907A961A00116700B661F4 /* Resources */ = {
			isa = PBXResourcesBuildPhase;
			buildActionMask = 2147483647;
			files = (
			);
			runOnlyForDeploymentPostprocessing = 0;
		};
/* End PBXResourcesBuildPhase section */

/* Begin PBXSourcesBuildPhase section */
		84907A7B1A00116700B661F4 /* Sources */ = {
			isa = PBXSourcesBuildPhase;
			buildActionMask = 2147483647;
			files = (
				84907A8B1A00116700B661F4 /* ViewController.m in Sources */,
				84907A881A00116700B661F4 /* AppDelegate.m in Sources */,
				84907A851A00116700B661F4 /* main.m in Sources */,
			);
			runOnlyForDeploymentPostprocessing = 0;
		};
		84907A941A00116700B661F4 /* Sources */ = {
			isa = PBXSourcesBuildPhase;
			buildActionMask = 2147483647;
			files = (
				84907A9F1A00116700B661F4 /* EventManagerAppTests.m in Sources */,
			);
			runOnlyForDeploymentPostprocessing = 0;
		};
/* End PBXSourcesBuildPhase section */

/* Begin PBXTargetDependency section */
		84907A9A1A00116700B661F4 /* PBXTargetDependency */ = {
			isa = PBXTargetDependency;
			target = 84907A7E1A00116700B661F4 /* EventManagerApp */;
			targetProxy = 84907A991A00116700B661F4 /* PBXContainerItemProxy */;
		};
/* End PBXTargetDependency section */

/* Begin PBXVariantGroup section */
		84907A8C1A00116700B661F4 /* Main.storyboard */ = {
			isa = PBXVariantGroup;
			children = (
				84907A8D1A00116700B661F4 /* Base */,
			);
			name = Main.storyboard;
			sourceTree = "<group>";
		};
		84907A911A00116700B661F4 /* LaunchScreen.xib */ = {
			isa = PBXVariantGroup;
			children = (
				84907A921A00116700B661F4 /* Base */,
			);
			name = LaunchScreen.xib;
			sourceTree = "<group>";
		};
/* End PBXVariantGroup section */

/* Begin XCBuildConfiguration section */
		84907AA01A00116700B661F4 /* Debug */ = {
			isa = XCBuildConfiguration;
			buildSettings = {
				ALWAYS_SEARCH_USER_PATHS = NO;
				CLANG_CXX_LANGUAGE_STANDARD = "gnu++0x";
				CLANG_CXX_LIBRARY = "libc++";
				CLANG_ENABLE_MODULES = YES;
				CLANG_ENABLE_OBJC_ARC = YES;
				CLANG_WARN_BOOL_CONVERSION = YES;
				CLANG_WARN_CONSTANT_CONVERSION = YES;
				CLANG_WARN_DIRECT_OBJC_ISA_USAGE = YES_ERROR;
				CLANG_WARN_EMPTY_BODY = YES;
				CLANG_WARN_ENUM_CONVERSION = YES;
				CLANG_WARN_INT_CONVERSION = YES;
				CLANG_WARN_OBJC_ROOT_CLASS = YES_ERROR;
				CLANG_WARN_UNREACHABLE_CODE = YES;
				CLANG_WARN__DUPLICATE_METHOD_MATCH = YES;
				"CODE_SIGN_IDENTITY[sdk=iphoneos*]" = "iPhone Developer";
				COPY_PHASE_STRIP = NO;
				ENABLE_STRICT_OBJC_MSGSEND = YES;
				GCC_C_LANGUAGE_STANDARD = gnu99;
				GCC_DYNAMIC_NO_PIC = NO;
				GCC_OPTIMIZATION_LEVEL = 0;
				GCC_PREPROCESSOR_DEFINITIONS = (
					"DEBUG=1",
					"$(inherited)",
				);
				GCC_SYMBOLS_PRIVATE_EXTERN = NO;
				GCC_WARN_64_TO_32_BIT_CONVERSION = YES;
				GCC_WARN_ABOUT_RETURN_TYPE = YES_ERROR;
				GCC_WARN_UNDECLARED_SELECTOR = YES;
				GCC_WARN_UNINITIALIZED_AUTOS = YES_AGGRESSIVE;
				GCC_WARN_UNUSED_FUNCTION = YES;
				GCC_WARN_UNUSED_VARIABLE = YES;
				IPHONEOS_DEPLOYMENT_TARGET = 8.1;
				MTL_ENABLE_DEBUG_INFO = YES;
				ONLY_ACTIVE_ARCH = YES;
				SDKROOT = iphoneos;
			};
			name = Debug;
		};
		84907AA11A00116700B661F4 /* Release */ = {
			isa = XCBuildConfiguration;
			buildSettings = {
				ALWAYS_SEARCH_USER_PATHS = NO;
				CLANG_CXX_LANGUAGE_STANDARD = "gnu++0x";
				CLANG_CXX_LIBRARY = "libc++";
				CLANG_ENABLE_MODULES = YES;
				CLANG_ENABLE_OBJC_ARC = YES;
				CLANG_WARN_BOOL_CONVERSION = YES;
				CLANG_WARN_CONSTANT_CONVERSION = YES;
				CLANG_WARN_DIRECT_OBJC_ISA_USAGE = YES_ERROR;
				CLANG_WARN_EMPTY_BODY = YES;
				CLANG_WARN_ENUM_CONVERSION = YES;
				CLANG_WARN_INT_CONVERSION = YES;
				CLANG_WARN_OBJC_ROOT_CLASS = YES_ERROR;
				CLANG_WARN_UNREACHABLE_CODE = YES;
				CLANG_WARN__DUPLICATE_METHOD_MATCH = YES;
				"CODE_SIGN_IDENTITY[sdk=iphoneos*]" = "iPhone Developer";
				COPY_PHASE_STRIP = YES;
				ENABLE_NS_ASSERTIONS = NO;
				ENABLE_STRICT_OBJC_MSGSEND = YES;
				GCC_C_LANGUAGE_STANDARD = gnu99;
				GCC_WARN_64_TO_32_BIT_CONVERSION = YES;
				GCC_WARN_ABOUT_RETURN_TYPE = YES_ERROR;
				GCC_WARN_UNDECLARED_SELECTOR = YES;
				GCC_WARN_UNINITIALIZED_AUTOS = YES_AGGRESSIVE;
				GCC_WARN_UNUSED_FUNCTION = YES;
				GCC_WARN_UNUSED_VARIABLE = YES;
				IPHONEOS_DEPLOYMENT_TARGET = 8.1;
				MTL_ENABLE_DEBUG_INFO = NO;
				SDKROOT = iphoneos;
				VALIDATE_PRODUCT = YES;
			};
			name = Release;
		};
		84907AA31A00116700B661F4 /* Debug */ = {
			isa = XCBuildConfiguration;
			buildSettings = {
				ASSETCATALOG_COMPILER_APPICON_NAME = AppIcon;
				INFOPLIST_FILE = EventManagerApp/Info.plist;
				LD_RUNPATH_SEARCH_PATHS = "$(inherited) @executable_path/Frameworks";
				PRODUCT_NAME = "$(TARGET_NAME)";
			};
			name = Debug;
		};
		84907AA41A00116700B661F4 /* Release */ = {
			isa = XCBuildConfiguration;
			buildSettings = {
				ASSETCATALOG_COMPILER_APPICON_NAME = AppIcon;
				INFOPLIST_FILE = EventManagerApp/Info.plist;
				LD_RUNPATH_SEARCH_PATHS = "$(inherited) @executable_path/Frameworks";
				PRODUCT_NAME = "$(TARGET_NAME)";
			};
			name = Release;
		};
		84907AA61A00116700B661F4 /* Debug */ = {
			isa = XCBuildConfiguration;
			buildSettings = {
				BUNDLE_LOADER = "$(TEST_HOST)";
				FRAMEWORK_SEARCH_PATHS = (
					"$(SDKROOT)/Developer/Library/Frameworks",
					"$(inherited)",
				);
				GCC_PREPROCESSOR_DEFINITIONS = (
					"DEBUG=1",
					"$(inherited)",
				);
				INFOPLIST_FILE = EventManagerAppTests/Info.plist;
				LD_RUNPATH_SEARCH_PATHS = "$(inherited) @executable_path/Frameworks @loader_path/Frameworks";
				PRODUCT_NAME = "$(TARGET_NAME)";
				TEST_HOST = "$(BUILT_PRODUCTS_DIR)/EventManagerApp.app/EventManagerApp";
			};
			name = Debug;
		};
		84907AA71A00116700B661F4 /* Release */ = {
			isa = XCBuildConfiguration;
			buildSettings = {
				BUNDLE_LOADER = "$(TEST_HOST)";
				FRAMEWORK_SEARCH_PATHS = (
					"$(SDKROOT)/Developer/Library/Frameworks",
					"$(inherited)",
				);
				INFOPLIST_FILE = EventManagerAppTests/Info.plist;
				LD_RUNPATH_SEARCH_PATHS = "$(inherited) @executable_path/Frameworks @loader_path/Frameworks";
				PRODUCT_NAME = "$(TARGET_NAME)";
				TEST_HOST = "$(BUILT_PRODUCTS_DIR)/EventManagerApp.app/EventManagerApp";
			};
			name = Release;
		};
/* End XCBuildConfiguration section */

/* Begin XCConfigurationList section */
		84907A7A1A00116700B661F4 /* Build configuration list for PBXProject "EventManagerApp" */ = {
			isa = XCConfigurationList;
			buildConfigurations = (
				84907AA01A00116700B661F4 /* Debug */,
				84907AA11A00116700B661F4 /* Release */,
			);
			defaultConfigurationIsVisible = 0;
			defaultConfigurationName = Release;
		};
		84907AA21A00116700B661F4 /* Build configuration list for PBXNativeTarget "EventManagerApp" */ = {
			isa = XCConfigurationList;
			buildConfigurations = (
				84907AA31A00116700B661F4 /* Debug */,
				84907AA41A00116700B661F4 /* Release */,
			);
			defaultConfigurationIsVisible = 0;
		};
		84907AA51A00116700B661F4 /* Build configuration list for PBXNativeTarget "EventManagerAppTests" */ = {
			isa = XCConfigurationList;
			buildConfigurations = (
				84907AA61A00116700B661F4 /* Debug */,
				84907AA71A00116700B661F4 /* Release */,
			);
			defaultConfigurationIsVisible = 0;
		};
/* End XCConfigurationList section */
	};
	rootObject = 84907A771A00116700B661F4 /* Project object */;
}
