// !$*UTF8*$!
{
	archiveVersion = 1;
	classes = {
	};
	objectVersion = 46;
	objects = {

/* Begin PBXBuildFile section */
		8498AFCA19F7C4780046934B /* main.m in Sources */ = {isa = PBXBuildFile; fileRef = 8498AFC919F7C4780046934B /* main.m */; };
/* End PBXBuildFile section */

/* Begin PBXCopyFilesBuildPhase section */
		8498AFC419F7C4780046934B /* CopyFiles */ = {
			isa = PBXCopyFilesBuildPhase;
			buildActionMask = 2147483647;
			dstPath = /usr/share/man/man1/;
			dstSubfolderSpec = 0;
			files = (
			);
			runOnlyForDeploymentPostprocessing = 1;
		};
/* End PBXCopyFilesBuildPhase section */

/* Begin PBXFileReference section */
		8498AFC619F7C4780046934B /* ObjectiveC-methods */ = {isa = PBXFileReference; explicitFileType = "compiled.mach-o.executable"; includeInIndex = 0; path = "ObjectiveC-methods"; sourceTree = BUILT_PRODUCTS_DIR; };
		8498AFC919F7C4780046934B /* main.m */ = {isa = PBXFileReference; lastKnownFileType = sourcecode.c.objc; path = main.m; sourceTree = "<group>"; };
/* End PBXFileReference section */

/* Begin PBXFrameworksBuildPhase section */
		8498AFC319F7C4780046934B /* Frameworks */ = {
			isa = PBXFrameworksBuildPhase;
			buildActionMask = 2147483647;
			files = (
			);
			runOnlyForDeploymentPostprocessing = 0;
		};
/* End PBXFrameworksBuildPhase section */

/* Begin PBXGroup section */
		8498AFBD19F7C4780046934B = {
			isa = PBXGroup;
			children = (
				8498AFC819F7C4780046934B /* ObjectiveC-methods */,
				8498AFC719F7C4780046934B /* Products */,
			);
			sourceTree = "<group>";
		};
		8498AFC719F7C4780046934B /* Products */ = {
			isa = PBXGroup;
			children = (
				8498AFC619F7C4780046934B /* ObjectiveC-methods */,
			);
			name = Products;
			sourceTree = "<group>";
		};
		8498AFC819F7C4780046934B /* ObjectiveC-methods */ = {
			isa = PBXGroup;
			children = (
				8498AFC919F7C4780046934B /* main.m */,
			);
			path = "ObjectiveC-methods";
			sourceTree = "<group>";
		};
/* End PBXGroup section */

/* Begin PBXNativeTarget section */
		8498AFC519F7C4780046934B /* ObjectiveC-methods */ = {
			isa = PBXNativeTarget;
			buildConfigurationList = 8498AFCD19F7C4780046934B /* Build configuration list for PBXNativeTarget "ObjectiveC-methods" */;
			buildPhases = (
				8498AFC219F7C4780046934B /* Sources */,
				8498AFC319F7C4780046934B /* Frameworks */,
				8498AFC419F7C4780046934B /* CopyFiles */,
			);
			buildRules = (
			);
			dependencies = (
			);
			name = "ObjectiveC-methods";
			productName = "ObjectiveC-methods";
			productReference = 8498AFC619F7C4780046934B /* ObjectiveC-methods */;
			productType = "com.apple.product-type.tool";
		};
/* End PBXNativeTarget section */

/* Begin PBXProject section */
		8498AFBE19F7C4780046934B /* Project object */ = {
			isa = PBXProject;
			attributes = {
				LastUpgradeCheck = 0610;
				ORGANIZATIONNAME = admin;
				TargetAttributes = {
					8498AFC519F7C4780046934B = {
						CreatedOnToolsVersion = 6.1;
					};
				};
			};
			buildConfigurationList = 8498AFC119F7C4780046934B /* Build configuration list for PBXProject "ObjectiveC-methods" */;
			compatibilityVersion = "Xcode 3.2";
			developmentRegion = English;
			hasScannedForEncodings = 0;
			knownRegions = (
				en,
			);
			mainGroup = 8498AFBD19F7C4780046934B;
			productRefGroup = 8498AFC719F7C4780046934B /* Products */;
			projectDirPath = "";
			projectRoot = "";
			targets = (
				8498AFC519F7C4780046934B /* ObjectiveC-methods */,
			);
		};
/* End PBXProject section */

/* Begin PBXSourcesBuildPhase section */
		8498AFC219F7C4780046934B /* Sources */ = {
			isa = PBXSourcesBuildPhase;
			buildActionMask = 2147483647;
			files = (
				8498AFCA19F7C4780046934B /* main.m in Sources */,
			);
			runOnlyForDeploymentPostprocessing = 0;
		};
/* End PBXSourcesBuildPhase section */

/* Begin XCBuildConfiguration section */
		8498AFCB19F7C4780046934B /* Debug */ = {
			isa = XCBuildConfiguration;
			buildSettings = {
				ALWAYS_SEARCH_USER_PATHS = NO;
				CLANG_CXX_LANGUAGE_STANDARD = "gnu++0x";
				CLANG_CXX_LIBRARY = "libc++";
				CLANG_ENABLE_MODULES = YES;
				CLANG_ENABLE_OBJC_ARC = YES;
				CLANG_WARN_BOOL_CONVERSION = YES;
				CLANG_WARN_CONSTANT_CONVERSION = YES;
				CLANG_WARN_DIRECT_OBJC_ISA_USAGE = YES_ERROR;
				CLANG_WARN_EMPTY_BODY = YES;
				CLANG_WARN_ENUM_CONVERSION = YES;
				CLANG_WARN_INT_CONVERSION = YES;
				CLANG_WARN_OBJC_ROOT_CLASS = YES_ERROR;
				CLANG_WARN_UNREACHABLE_CODE = YES;
				CLANG_WARN__DUPLICATE_METHOD_MATCH = YES;
				COPY_PHASE_STRIP = NO;
				ENABLE_STRICT_OBJC_MSGSEND = YES;
				GCC_C_LANGUAGE_STANDARD = gnu99;
				GCC_DYNAMIC_NO_PIC = NO;
				GCC_OPTIMIZATION_LEVEL = 0;
				GCC_PREPROCESSOR_DEFINITIONS = (
					"DEBUG=1",
					"$(inherited)",
				);
				GCC_SYMBOLS_PRIVATE_EXTERN = NO;
				GCC_WARN_64_TO_32_BIT_CONVERSION = YES;
				GCC_WARN_ABOUT_RETURN_TYPE = YES_ERROR;
				GCC_WARN_UNDECLARED_SELECTOR = YES;
				GCC_WARN_UNINITIALIZED_AUTOS = YES_AGGRESSIVE;
				GCC_WARN_UNUSED_FUNCTION = YES;
				GCC_WARN_UNUSED_VARIABLE = YES;
				MACOSX_DEPLOYMENT_TARGET = 10.9;
				MTL_ENABLE_DEBUG_INFO = YES;
				ONLY_ACTIVE_ARCH = YES;
				SDKROOT = macosx;
			};
			name = Debug;
		};
		8498AFCC19F7C4780046934B /* Release */ = {
			isa = XCBuildConfiguration;
			buildSettings = {
				ALWAYS_SEARCH_USER_PATHS = NO;
				CLANG_CXX_LANGUAGE_STANDARD = "gnu++0x";
				CLANG_CXX_LIBRARY = "libc++";
				CLANG_ENABLE_MODULES = YES;
				CLANG_ENABLE_OBJC_ARC = YES;
				CLANG_WARN_BOOL_CONVERSION = YES;
				CLANG_WARN_CONSTANT_CONVERSION = YES;
				CLANG_WARN_DIRECT_OBJC_ISA_USAGE = YES_ERROR;
				CLANG_WARN_EMPTY_BODY = YES;
				CLANG_WARN_ENUM_CONVERSION = YES;
				CLANG_WARN_INT_CONVERSION = YES;
				CLANG_WARN_OBJC_ROOT_CLASS = YES_ERROR;
				CLANG_WARN_UNREACHABLE_CODE = YES;
				CLANG_WARN__DUPLICATE_METHOD_MATCH = YES;
				COPY_PHASE_STRIP = YES;
				DEBUG_INFORMATION_FORMAT = "dwarf-with-dsym";
				ENABLE_NS_ASSERTIONS = NO;
				ENABLE_STRICT_OBJC_MSGSEND = YES;
				GCC_C_LANGUAGE_STANDARD = gnu99;
				GCC_WARN_64_TO_32_BIT_CONVERSION = YES;
				GCC_WARN_ABOUT_RETURN_TYPE = YES_ERROR;
				GCC_WARN_UNDECLARED_SELECTOR = YES;
				GCC_WARN_UNINITIALIZED_AUTOS = YES_AGGRESSIVE;
				GCC_WARN_UNUSED_FUNCTION = YES;
				GCC_WARN_UNUSED_VARIABLE = YES;
				MACOSX_DEPLOYMENT_TARGET = 10.9;
				MTL_ENABLE_DEBUG_INFO = NO;
				SDKROOT = macosx;
			};
			name = Release;
		};
		8498AFCE19F7C4780046934B /* Debug */ = {
			isa = XCBuildConfiguration;
			buildSettings = {
				PRODUCT_NAME = "$(TARGET_NAME)";
			};
			name = Debug;
		};
		8498AFCF19F7C4780046934B /* Release */ = {
			isa = XCBuildConfiguration;
			buildSettings = {
				PRODUCT_NAME = "$(TARGET_NAME)";
			};
			name = Release;
		};
/* End XCBuildConfiguration section */

/* Begin XCConfigurationList section */
		8498AFC119F7C4780046934B /* Build configuration list for PBXProject "ObjectiveC-methods" */ = {
			isa = XCConfigurationList;
			buildConfigurations = (
				8498AFCB19F7C4780046934B /* Debug */,
				8498AFCC19F7C4780046934B /* Release */,
			);
			defaultConfigurationIsVisible = 0;
			defaultConfigurationName = Release;
		};
		8498AFCD19F7C4780046934B /* Build configuration list for PBXNativeTarget "ObjectiveC-methods" */ = {
			isa = XCConfigurationList;
			buildConfigurations = (
				8498AFCE19F7C4780046934B /* Debug */,
				8498AFCF19F7C4780046934B /* Release */,
			);
			defaultConfigurationIsVisible = 0;
		};
/* End XCConfigurationList section */
	};
	rootObject = 8498AFBE19F7C4780046934B /* Project object */;
}
