
Microsoft Visual Studio Solution File, Format Version 12.00
# Visual Studio 2012
Project("{FAE04EC0-301F-11D3-BF4B-00C04F79EFBC}") = "Atm.Models", "Atm.Models\Atm.Models.csproj", "{D13953C7-FAC1-4A01-9073-AE434FFC6B70}"
EndProject
Project("{FAE04EC0-301F-11D3-BF4B-00C04F79EFBC}") = "Atm.ConsoleClient", "Atm.ConsoleClient\Atm.ConsoleClient.csproj", "{60DDA7C0-D179-4871-BD6A-4FDBA7918538}"
EndProject
Project("{FAE04EC0-301F-11D3-BF4B-00C04F79EFBC}") = "Atm.Data", "Atm.Data\Atm.Data.csproj", "{414D56BF-34F7-40BE-AA7E-C3959CA9A18F}"
EndProject
Global
	GlobalSection(SolutionConfigurationPlatforms) = preSolution
		Debug|Any CPU = Debug|Any CPU
		Release|Any CPU = Release|Any CPU
	EndGlobalSection
	GlobalSection(ProjectConfigurationPlatforms) = postSolution
		{D13953C7-FAC1-4A01-9073-AE434FFC6B70}.Debug|Any CPU.ActiveCfg = Debug|Any CPU
		{D13953C7-FAC1-4A01-9073-AE434FFC6B70}.Debug|Any CPU.Build.0 = Debug|Any CPU
		{D13953C7-FAC1-4A01-9073-AE434FFC6B70}.Release|Any CPU.ActiveCfg = Release|Any CPU
		{D13953C7-FAC1-4A01-9073-AE434FFC6B70}.Release|Any CPU.Build.0 = Release|Any CPU
		{60DDA7C0-D179-4871-BD6A-4FDBA7918538}.Debug|Any CPU.ActiveCfg = Debug|Any CPU
		{60DDA7C0-D179-4871-BD6A-4FDBA7918538}.Debug|Any CPU.Build.0 = Debug|Any CPU
		{60DDA7C0-D179-4871-BD6A-4FDBA7918538}.Release|Any CPU.ActiveCfg = Release|Any CPU
		{60DDA7C0-D179-4871-BD6A-4FDBA7918538}.Release|Any CPU.Build.0 = Release|Any CPU
		{414D56BF-34F7-40BE-AA7E-C3959CA9A18F}.Debug|Any CPU.ActiveCfg = Debug|Any CPU
		{414D56BF-34F7-40BE-AA7E-C3959CA9A18F}.Debug|Any CPU.Build.0 = Debug|Any CPU
		{414D56BF-34F7-40BE-AA7E-C3959CA9A18F}.Release|Any CPU.ActiveCfg = Release|Any CPU
		{414D56BF-34F7-40BE-AA7E-C3959CA9A18F}.Release|Any CPU.Build.0 = Release|Any CPU
	EndGlobalSection
	GlobalSection(SolutionProperties) = preSolution
		HideSolutionNode = FALSE
	EndGlobalSection
EndGlobal
