
Microsoft Visual Studio Solution File, Format Version 12.00
# Visual Studio 2012
Project("{FAE04EC0-301F-11D3-BF4B-00C04F79EFBC}") = "JSFunctions", "JSFunctions\JSFunctions.csproj", "{CED3FE0B-8BEC-4A5C-8AB9-18A0BA5F9CDC}"
EndProject
Global
	GlobalSection(SolutionConfigurationPlatforms) = preSolution
		Debug|Any CPU = Debug|Any CPU
		Release|Any CPU = Release|Any CPU
	EndGlobalSection
	GlobalSection(ProjectConfigurationPlatforms) = postSolution
		{CED3FE0B-8BEC-4A5C-8AB9-18A0BA5F9CDC}.Debug|Any CPU.ActiveCfg = Debug|Any CPU
		{CED3FE0B-8BEC-4A5C-8AB9-18A0BA5F9CDC}.Debug|Any CPU.Build.0 = Debug|Any CPU
		{CED3FE0B-8BEC-4A5C-8AB9-18A0BA5F9CDC}.Release|Any CPU.ActiveCfg = Release|Any CPU
		{CED3FE0B-8BEC-4A5C-8AB9-18A0BA5F9CDC}.Release|Any CPU.Build.0 = Release|Any CPU
	EndGlobalSection
	GlobalSection(SolutionProperties) = preSolution
		HideSolutionNode = FALSE
	EndGlobalSection
EndGlobal
