
Microsoft Visual Studio Solution File, Format Version 12.00
# Visual Studio 2012
Project("{FAE04EC0-301F-11D3-BF4B-00C04F79EFBC}") = "01.DoubleValuesCount", "01.DoubleValuesCount\01.DoubleValuesCount.csproj", "{EB1C2A5C-A992-435D-ABFF-8D2FE3702BEA}"
EndProject
Project("{FAE04EC0-301F-11D3-BF4B-00C04F79EFBC}") = "02.OddNumberOfStrings", "02.OddNumberOfStrings\02.OddNumberOfStrings.csproj", "{5F1626BC-5BEC-44B2-A121-92A02FAB7B75}"
EndProject
Project("{FAE04EC0-301F-11D3-BF4B-00C04F79EFBC}") = "03.CountWordsInFile", "03.CountWordsInFile\03.CountWordsInFile.csproj", "{EFD296E4-CAC0-4ED1-AB22-881E6AFA2216}"
EndProject
Project("{FAE04EC0-301F-11D3-BF4B-00C04F79EFBC}") = "04.HashTable", "04.HashTable\04.HashTable.csproj", "{B1A04893-5EDD-40FD-96FA-F91D7AFB5A3C}"
EndProject
Project("{FAE04EC0-301F-11D3-BF4B-00C04F79EFBC}") = "05.HashSet", "05.HashSet\05.HashSet.csproj", "{149E523D-97AF-4F25-91E8-79C09872A406}"
EndProject
Global
	GlobalSection(SolutionConfigurationPlatforms) = preSolution
		Debug|Any CPU = Debug|Any CPU
		Release|Any CPU = Release|Any CPU
	EndGlobalSection
	GlobalSection(ProjectConfigurationPlatforms) = postSolution
		{EB1C2A5C-A992-435D-ABFF-8D2FE3702BEA}.Debug|Any CPU.ActiveCfg = Debug|Any CPU
		{EB1C2A5C-A992-435D-ABFF-8D2FE3702BEA}.Debug|Any CPU.Build.0 = Debug|Any CPU
		{EB1C2A5C-A992-435D-ABFF-8D2FE3702BEA}.Release|Any CPU.ActiveCfg = Release|Any CPU
		{EB1C2A5C-A992-435D-ABFF-8D2FE3702BEA}.Release|Any CPU.Build.0 = Release|Any CPU
		{5F1626BC-5BEC-44B2-A121-92A02FAB7B75}.Debug|Any CPU.ActiveCfg = Debug|Any CPU
		{5F1626BC-5BEC-44B2-A121-92A02FAB7B75}.Debug|Any CPU.Build.0 = Debug|Any CPU
		{5F1626BC-5BEC-44B2-A121-92A02FAB7B75}.Release|Any CPU.ActiveCfg = Release|Any CPU
		{5F1626BC-5BEC-44B2-A121-92A02FAB7B75}.Release|Any CPU.Build.0 = Release|Any CPU
		{EFD296E4-CAC0-4ED1-AB22-881E6AFA2216}.Debug|Any CPU.ActiveCfg = Debug|Any CPU
		{EFD296E4-CAC0-4ED1-AB22-881E6AFA2216}.Debug|Any CPU.Build.0 = Debug|Any CPU
		{EFD296E4-CAC0-4ED1-AB22-881E6AFA2216}.Release|Any CPU.ActiveCfg = Release|Any CPU
		{EFD296E4-CAC0-4ED1-AB22-881E6AFA2216}.Release|Any CPU.Build.0 = Release|Any CPU
		{B1A04893-5EDD-40FD-96FA-F91D7AFB5A3C}.Debug|Any CPU.ActiveCfg = Debug|Any CPU
		{B1A04893-5EDD-40FD-96FA-F91D7AFB5A3C}.Debug|Any CPU.Build.0 = Debug|Any CPU
		{B1A04893-5EDD-40FD-96FA-F91D7AFB5A3C}.Release|Any CPU.ActiveCfg = Release|Any CPU
		{B1A04893-5EDD-40FD-96FA-F91D7AFB5A3C}.Release|Any CPU.Build.0 = Release|Any CPU
		{149E523D-97AF-4F25-91E8-79C09872A406}.Debug|Any CPU.ActiveCfg = Debug|Any CPU
		{149E523D-97AF-4F25-91E8-79C09872A406}.Debug|Any CPU.Build.0 = Debug|Any CPU
		{149E523D-97AF-4F25-91E8-79C09872A406}.Release|Any CPU.ActiveCfg = Release|Any CPU
		{149E523D-97AF-4F25-91E8-79C09872A406}.Release|Any CPU.Build.0 = Release|Any CPU
	EndGlobalSection
	GlobalSection(SolutionProperties) = preSolution
		HideSolutionNode = FALSE
	EndGlobalSection
EndGlobal
