
Microsoft Visual Studio Solution File, Format Version 12.00
# Visual Studio 2012
Project("{FAE04EC0-301F-11D3-BF4B-00C04F79EFBC}") = "JS-Strings", "JS-Strings\JS-Strings.csproj", "{915864B5-2314-4CFC-B1AC-FF9563690458}"
EndProject
Global
	GlobalSection(SolutionConfigurationPlatforms) = preSolution
		Debug|Any CPU = Debug|Any CPU
		Release|Any CPU = Release|Any CPU
	EndGlobalSection
	GlobalSection(ProjectConfigurationPlatforms) = postSolution
		{915864B5-2314-4CFC-B1AC-FF9563690458}.Debug|Any CPU.ActiveCfg = Debug|Any CPU
		{915864B5-2314-4CFC-B1AC-FF9563690458}.Debug|Any CPU.Build.0 = Debug|Any CPU
		{915864B5-2314-4CFC-B1AC-FF9563690458}.Release|Any CPU.ActiveCfg = Release|Any CPU
		{915864B5-2314-4CFC-B1AC-FF9563690458}.Release|Any CPU.Build.0 = Release|Any CPU
	EndGlobalSection
	GlobalSection(SolutionProperties) = preSolution
		HideSolutionNode = FALSE
	EndGlobalSection
EndGlobal
