
Microsoft Visual Studio Solution File, Format Version 12.00
# Visual Studio 2012
Project("{FAE04EC0-301F-11D3-BF4B-00C04F79EFBC}") = "01.Students", "01.Students\01.Students.csproj", "{D2CCEC58-4926-4BEA-BB05-396AF0B58C4C}"
EndProject
Global
	GlobalSection(SolutionConfigurationPlatforms) = preSolution
		Debug|Any CPU = Debug|Any CPU
		Release|Any CPU = Release|Any CPU
	EndGlobalSection
	GlobalSection(ProjectConfigurationPlatforms) = postSolution
		{D2CCEC58-4926-4BEA-BB05-396AF0B58C4C}.Debug|Any CPU.ActiveCfg = Debug|Any CPU
		{D2CCEC58-4926-4BEA-BB05-396AF0B58C4C}.Debug|Any CPU.Build.0 = Debug|Any CPU
		{D2CCEC58-4926-4BEA-BB05-396AF0B58C4C}.Release|Any CPU.ActiveCfg = Release|Any CPU
		{D2CCEC58-4926-4BEA-BB05-396AF0B58C4C}.Release|Any CPU.Build.0 = Release|Any CPU
	EndGlobalSection
	GlobalSection(SolutionProperties) = preSolution
		HideSolutionNode = FALSE
	EndGlobalSection
EndGlobal
