
Microsoft Visual Studio Solution File, Format Version 12.00
# Visual Studio 2012
Project("{FAE04EC0-301F-11D3-BF4B-00C04F79EFBC}") = "01.NNestedLoops", "01.NNestedLoops\01.NNestedLoops.csproj", "{33D41576-3773-465D-8467-E88247B4F357}"
EndProject
Project("{FAE04EC0-301F-11D3-BF4B-00C04F79EFBC}") = "02.DuplicateCombinations", "02.DuplicateCombinations\02.DuplicateCombinations.csproj", "{5EF9109C-C765-4AC5-A0C0-AE18519FE383}"
EndProject
Project("{FAE04EC0-301F-11D3-BF4B-00C04F79EFBC}") = "03.CombinationsWithoutDuplication", "03.CombinationsWithoutDuplication\03.CombinationsWithoutDuplication.csproj", "{489A9BAB-8F9F-4BC1-89A9-A7B2D30E40B4}"
EndProject
Project("{FAE04EC0-301F-11D3-BF4B-00C04F79EFBC}") = "04.GeneratePermutations", "04.GeneratePermutations\04.GeneratePermutations.csproj", "{6B2C12E2-82E8-4B7A-9D42-377229F7F951}"
EndProject
Project("{FAE04EC0-301F-11D3-BF4B-00C04F79EFBC}") = "05.KSubsets", "05.KSubsets\05.KSubsets.csproj", "{18BBF33F-34AB-4CB0-A1D6-53B1C4602C59}"
EndProject
Project("{FAE04EC0-301F-11D3-BF4B-00C04F79EFBC}") = "06.SubsetKStrings", "06.SubsetKStrings\06.SubsetKStrings.csproj", "{548E66F3-FBB5-44EB-BE67-49D23897A2CB}"
EndProject
Global
	GlobalSection(SolutionConfigurationPlatforms) = preSolution
		Debug|Any CPU = Debug|Any CPU
		Release|Any CPU = Release|Any CPU
	EndGlobalSection
	GlobalSection(ProjectConfigurationPlatforms) = postSolution
		{33D41576-3773-465D-8467-E88247B4F357}.Debug|Any CPU.ActiveCfg = Debug|Any CPU
		{33D41576-3773-465D-8467-E88247B4F357}.Debug|Any CPU.Build.0 = Debug|Any CPU
		{33D41576-3773-465D-8467-E88247B4F357}.Release|Any CPU.ActiveCfg = Release|Any CPU
		{33D41576-3773-465D-8467-E88247B4F357}.Release|Any CPU.Build.0 = Release|Any CPU
		{5EF9109C-C765-4AC5-A0C0-AE18519FE383}.Debug|Any CPU.ActiveCfg = Debug|Any CPU
		{5EF9109C-C765-4AC5-A0C0-AE18519FE383}.Debug|Any CPU.Build.0 = Debug|Any CPU
		{5EF9109C-C765-4AC5-A0C0-AE18519FE383}.Release|Any CPU.ActiveCfg = Release|Any CPU
		{5EF9109C-C765-4AC5-A0C0-AE18519FE383}.Release|Any CPU.Build.0 = Release|Any CPU
		{489A9BAB-8F9F-4BC1-89A9-A7B2D30E40B4}.Debug|Any CPU.ActiveCfg = Debug|Any CPU
		{489A9BAB-8F9F-4BC1-89A9-A7B2D30E40B4}.Debug|Any CPU.Build.0 = Debug|Any CPU
		{489A9BAB-8F9F-4BC1-89A9-A7B2D30E40B4}.Release|Any CPU.ActiveCfg = Release|Any CPU
		{489A9BAB-8F9F-4BC1-89A9-A7B2D30E40B4}.Release|Any CPU.Build.0 = Release|Any CPU
		{6B2C12E2-82E8-4B7A-9D42-377229F7F951}.Debug|Any CPU.ActiveCfg = Debug|Any CPU
		{6B2C12E2-82E8-4B7A-9D42-377229F7F951}.Debug|Any CPU.Build.0 = Debug|Any CPU
		{6B2C12E2-82E8-4B7A-9D42-377229F7F951}.Release|Any CPU.ActiveCfg = Release|Any CPU
		{6B2C12E2-82E8-4B7A-9D42-377229F7F951}.Release|Any CPU.Build.0 = Release|Any CPU
		{18BBF33F-34AB-4CB0-A1D6-53B1C4602C59}.Debug|Any CPU.ActiveCfg = Debug|Any CPU
		{18BBF33F-34AB-4CB0-A1D6-53B1C4602C59}.Debug|Any CPU.Build.0 = Debug|Any CPU
		{18BBF33F-34AB-4CB0-A1D6-53B1C4602C59}.Release|Any CPU.ActiveCfg = Release|Any CPU
		{18BBF33F-34AB-4CB0-A1D6-53B1C4602C59}.Release|Any CPU.Build.0 = Release|Any CPU
		{548E66F3-FBB5-44EB-BE67-49D23897A2CB}.Debug|Any CPU.ActiveCfg = Debug|Any CPU
		{548E66F3-FBB5-44EB-BE67-49D23897A2CB}.Debug|Any CPU.Build.0 = Debug|Any CPU
		{548E66F3-FBB5-44EB-BE67-49D23897A2CB}.Release|Any CPU.ActiveCfg = Release|Any CPU
		{548E66F3-FBB5-44EB-BE67-49D23897A2CB}.Release|Any CPU.Build.0 = Release|Any CPU
	EndGlobalSection
	GlobalSection(SolutionProperties) = preSolution
		HideSolutionNode = FALSE
	EndGlobalSection
EndGlobal
