// !$*UTF8*$!
{
	archiveVersion = 1;
	classes = {
	};
	objectVersion = 46;
	objects = {

/* Begin PBXBuildFile section */
		8491422B1A094E2D006B750C /* main.m in Sources */ = {isa = PBXBuildFile; fileRef = 8491422A1A094E2D006B750C /* main.m */; };
		849142331A094EC4006B750C /* HttpRequestHandler.m in Sources */ = {isa = PBXBuildFile; fileRef = 849142321A094EC4006B750C /* HttpRequestHandler.m */; };
/* End PBXBuildFile section */

/* Begin PBXCopyFilesBuildPhase section */
		849142251A094E2D006B750C /* CopyFiles */ = {
			isa = PBXCopyFilesBuildPhase;
			buildActionMask = 2147483647;
			dstPath = /usr/share/man/man1/;
			dstSubfolderSpec = 0;
			files = (
			);
			runOnlyForDeploymentPostprocessing = 1;
		};
/* End PBXCopyFilesBuildPhase section */

/* Begin PBXFileReference section */
		849142271A094E2D006B750C /* HttpRequestsHandler */ = {isa = PBXFileReference; explicitFileType = "compiled.mach-o.executable"; includeInIndex = 0; path = HttpRequestsHandler; sourceTree = BUILT_PRODUCTS_DIR; };
		8491422A1A094E2D006B750C /* main.m */ = {isa = PBXFileReference; lastKnownFileType = sourcecode.c.objc; path = main.m; sourceTree = "<group>"; };
		849142311A094EC4006B750C /* HttpRequestHandler.h */ = {isa = PBXFileReference; fileEncoding = 4; lastKnownFileType = sourcecode.c.h; path = HttpRequestHandler.h; sourceTree = "<group>"; };
		849142321A094EC4006B750C /* HttpRequestHandler.m */ = {isa = PBXFileReference; fileEncoding = 4; lastKnownFileType = sourcecode.c.objc; path = HttpRequestHandler.m; sourceTree = "<group>"; };
/* End PBXFileReference section */

/* Begin PBXFrameworksBuildPhase section */
		849142241A094E2D006B750C /* Frameworks */ = {
			isa = PBXFrameworksBuildPhase;
			buildActionMask = 2147483647;
			files = (
			);
			runOnlyForDeploymentPostprocessing = 0;
		};
/* End PBXFrameworksBuildPhase section */

/* Begin PBXGroup section */
		8491421E1A094E2D006B750C = {
			isa = PBXGroup;
			children = (
				849142291A094E2D006B750C /* HttpRequestsHandler */,
				849142281A094E2D006B750C /* Products */,
			);
			sourceTree = "<group>";
		};
		849142281A094E2D006B750C /* Products */ = {
			isa = PBXGroup;
			children = (
				849142271A094E2D006B750C /* HttpRequestsHandler */,
			);
			name = Products;
			sourceTree = "<group>";
		};
		849142291A094E2D006B750C /* HttpRequestsHandler */ = {
			isa = PBXGroup;
			children = (
				8491422A1A094E2D006B750C /* main.m */,
				849142311A094EC4006B750C /* HttpRequestHandler.h */,
				849142321A094EC4006B750C /* HttpRequestHandler.m */,
			);
			path = HttpRequestsHandler;
			sourceTree = "<group>";
		};
/* End PBXGroup section */

/* Begin PBXNativeTarget section */
		849142261A094E2D006B750C /* HttpRequestsHandler */ = {
			isa = PBXNativeTarget;
			buildConfigurationList = 8491422E1A094E2D006B750C /* Build configuration list for PBXNativeTarget "HttpRequestsHandler" */;
			buildPhases = (
				849142231A094E2D006B750C /* Sources */,
				849142241A094E2D006B750C /* Frameworks */,
				849142251A094E2D006B750C /* CopyFiles */,
			);
			buildRules = (
			);
			dependencies = (
			);
			name = HttpRequestsHandler;
			productName = HttpRequestsHandler;
			productReference = 849142271A094E2D006B750C /* HttpRequestsHandler */;
			productType = "com.apple.product-type.tool";
		};
/* End PBXNativeTarget section */

/* Begin PBXProject section */
		8491421F1A094E2D006B750C /* Project object */ = {
			isa = PBXProject;
			attributes = {
				LastUpgradeCheck = 0610;
				ORGANIZATIONNAME = admin;
				TargetAttributes = {
					849142261A094E2D006B750C = {
						CreatedOnToolsVersion = 6.1;
					};
				};
			};
			buildConfigurationList = 849142221A094E2D006B750C /* Build configuration list for PBXProject "HttpRequestsHandler" */;
			compatibilityVersion = "Xcode 3.2";
			developmentRegion = English;
			hasScannedForEncodings = 0;
			knownRegions = (
				en,
			);
			mainGroup = 8491421E1A094E2D006B750C;
			productRefGroup = 849142281A094E2D006B750C /* Products */;
			projectDirPath = "";
			projectRoot = "";
			targets = (
				849142261A094E2D006B750C /* HttpRequestsHandler */,
			);
		};
/* End PBXProject section */

/* Begin PBXSourcesBuildPhase section */
		849142231A094E2D006B750C /* Sources */ = {
			isa = PBXSourcesBuildPhase;
			buildActionMask = 2147483647;
			files = (
				849142331A094EC4006B750C /* HttpRequestHandler.m in Sources */,
				8491422B1A094E2D006B750C /* main.m in Sources */,
			);
			runOnlyForDeploymentPostprocessing = 0;
		};
/* End PBXSourcesBuildPhase section */

/* Begin XCBuildConfiguration section */
		8491422C1A094E2D006B750C /* Debug */ = {
			isa = XCBuildConfiguration;
			buildSettings = {
				ALWAYS_SEARCH_USER_PATHS = NO;
				CLANG_CXX_LANGUAGE_STANDARD = "gnu++0x";
				CLANG_CXX_LIBRARY = "libc++";
				CLANG_ENABLE_MODULES = YES;
				CLANG_ENABLE_OBJC_ARC = YES;
				CLANG_WARN_BOOL_CONVERSION = YES;
				CLANG_WARN_CONSTANT_CONVERSION = YES;
				CLANG_WARN_DIRECT_OBJC_ISA_USAGE = YES_ERROR;
				CLANG_WARN_EMPTY_BODY = YES;
				CLANG_WARN_ENUM_CONVERSION = YES;
				CLANG_WARN_INT_CONVERSION = YES;
				CLANG_WARN_OBJC_ROOT_CLASS = YES_ERROR;
				CLANG_WARN_UNREACHABLE_CODE = YES;
				CLANG_WARN__DUPLICATE_METHOD_MATCH = YES;
				COPY_PHASE_STRIP = NO;
				ENABLE_STRICT_OBJC_MSGSEND = YES;
				GCC_C_LANGUAGE_STANDARD = gnu99;
				GCC_DYNAMIC_NO_PIC = NO;
				GCC_OPTIMIZATION_LEVEL = 0;
				GCC_PREPROCESSOR_DEFINITIONS = (
					"DEBUG=1",
					"$(inherited)",
				);
				GCC_SYMBOLS_PRIVATE_EXTERN = NO;
				GCC_WARN_64_TO_32_BIT_CONVERSION = YES;
				GCC_WARN_ABOUT_RETURN_TYPE = YES_ERROR;
				GCC_WARN_UNDECLARED_SELECTOR = YES;
				GCC_WARN_UNINITIALIZED_AUTOS = YES_AGGRESSIVE;
				GCC_WARN_UNUSED_FUNCTION = YES;
				GCC_WARN_UNUSED_VARIABLE = YES;
				MACOSX_DEPLOYMENT_TARGET = 10.9;
				MTL_ENABLE_DEBUG_INFO = YES;
				ONLY_ACTIVE_ARCH = YES;
				SDKROOT = macosx;
			};
			name = Debug;
		};
		8491422D1A094E2D006B750C /* Release */ = {
			isa = XCBuildConfiguration;
			buildSettings = {
				ALWAYS_SEARCH_USER_PATHS = NO;
				CLANG_CXX_LANGUAGE_STANDARD = "gnu++0x";
				CLANG_CXX_LIBRARY = "libc++";
				CLANG_ENABLE_MODULES = YES;
				CLANG_ENABLE_OBJC_ARC = YES;
				CLANG_WARN_BOOL_CONVERSION = YES;
				CLANG_WARN_CONSTANT_CONVERSION = YES;
				CLANG_WARN_DIRECT_OBJC_ISA_USAGE = YES_ERROR;
				CLANG_WARN_EMPTY_BODY = YES;
				CLANG_WARN_ENUM_CONVERSION = YES;
				CLANG_WARN_INT_CONVERSION = YES;
				CLANG_WARN_OBJC_ROOT_CLASS = YES_ERROR;
				CLANG_WARN_UNREACHABLE_CODE = YES;
				CLANG_WARN__DUPLICATE_METHOD_MATCH = YES;
				COPY_PHASE_STRIP = YES;
				DEBUG_INFORMATION_FORMAT = "dwarf-with-dsym";
				ENABLE_NS_ASSERTIONS = NO;
				ENABLE_STRICT_OBJC_MSGSEND = YES;
				GCC_C_LANGUAGE_STANDARD = gnu99;
				GCC_WARN_64_TO_32_BIT_CONVERSION = YES;
				GCC_WARN_ABOUT_RETURN_TYPE = YES_ERROR;
				GCC_WARN_UNDECLARED_SELECTOR = YES;
				GCC_WARN_UNINITIALIZED_AUTOS = YES_AGGRESSIVE;
				GCC_WARN_UNUSED_FUNCTION = YES;
				GCC_WARN_UNUSED_VARIABLE = YES;
				MACOSX_DEPLOYMENT_TARGET = 10.9;
				MTL_ENABLE_DEBUG_INFO = NO;
				SDKROOT = macosx;
			};
			name = Release;
		};
		8491422F1A094E2D006B750C /* Debug */ = {
			isa = XCBuildConfiguration;
			buildSettings = {
				PRODUCT_NAME = "$(TARGET_NAME)";
			};
			name = Debug;
		};
		849142301A094E2D006B750C /* Release */ = {
			isa = XCBuildConfiguration;
			buildSettings = {
				PRODUCT_NAME = "$(TARGET_NAME)";
			};
			name = Release;
		};
/* End XCBuildConfiguration section */

/* Begin XCConfigurationList section */
		849142221A094E2D006B750C /* Build configuration list for PBXProject "HttpRequestsHandler" */ = {
			isa = XCConfigurationList;
			buildConfigurations = (
				8491422C1A094E2D006B750C /* Debug */,
				8491422D1A094E2D006B750C /* Release */,
			);
			defaultConfigurationIsVisible = 0;
			defaultConfigurationName = Release;
		};
		8491422E1A094E2D006B750C /* Build configuration list for PBXNativeTarget "HttpRequestsHandler" */ = {
			isa = XCConfigurationList;
			buildConfigurations = (
				8491422F1A094E2D006B750C /* Debug */,
				849142301A094E2D006B750C /* Release */,
			);
			defaultConfigurationIsVisible = 0;
		};
/* End XCConfigurationList section */
	};
	rootObject = 8491421F1A094E2D006B750C /* Project object */;
}
