
Microsoft Visual Studio Solution File, Format Version 12.00
# Visual Studio 2012
Project("{FAE04EC0-301F-11D3-BF4B-00C04F79EFBC}") = "01.GenerateDivs", "01.GenerateDivs\01.GenerateDivs.csproj", "{EFB2E72A-95B1-49A4-8014-378F4C9B8734}"
EndProject
Project("{FAE04EC0-301F-11D3-BF4B-00C04F79EFBC}") = "02.RotatingDivs", "02.RotatingDivs\02.RotatingDivs.csproj", "{D46BABC3-D343-413F-9566-1F1DD93AE37F}"
EndProject
Project("{FAE04EC0-301F-11D3-BF4B-00C04F79EFBC}") = "04.ColorChange", "04.ColorChange\04.ColorChange.csproj", "{C172CBF1-AC19-42CC-B2DD-91D74C51CB89}"
EndProject
Global
	GlobalSection(SolutionConfigurationPlatforms) = preSolution
		Debug|Any CPU = Debug|Any CPU
		Release|Any CPU = Release|Any CPU
	EndGlobalSection
	GlobalSection(ProjectConfigurationPlatforms) = postSolution
		{EFB2E72A-95B1-49A4-8014-378F4C9B8734}.Debug|Any CPU.ActiveCfg = Debug|Any CPU
		{EFB2E72A-95B1-49A4-8014-378F4C9B8734}.Debug|Any CPU.Build.0 = Debug|Any CPU
		{EFB2E72A-95B1-49A4-8014-378F4C9B8734}.Release|Any CPU.ActiveCfg = Release|Any CPU
		{EFB2E72A-95B1-49A4-8014-378F4C9B8734}.Release|Any CPU.Build.0 = Release|Any CPU
		{D46BABC3-D343-413F-9566-1F1DD93AE37F}.Debug|Any CPU.ActiveCfg = Debug|Any CPU
		{D46BABC3-D343-413F-9566-1F1DD93AE37F}.Debug|Any CPU.Build.0 = Debug|Any CPU
		{D46BABC3-D343-413F-9566-1F1DD93AE37F}.Release|Any CPU.ActiveCfg = Release|Any CPU
		{D46BABC3-D343-413F-9566-1F1DD93AE37F}.Release|Any CPU.Build.0 = Release|Any CPU
		{C172CBF1-AC19-42CC-B2DD-91D74C51CB89}.Debug|Any CPU.ActiveCfg = Debug|Any CPU
		{C172CBF1-AC19-42CC-B2DD-91D74C51CB89}.Debug|Any CPU.Build.0 = Debug|Any CPU
		{C172CBF1-AC19-42CC-B2DD-91D74C51CB89}.Release|Any CPU.ActiveCfg = Release|Any CPU
		{C172CBF1-AC19-42CC-B2DD-91D74C51CB89}.Release|Any CPU.Build.0 = Release|Any CPU
	EndGlobalSection
	GlobalSection(SolutionProperties) = preSolution
		HideSolutionNode = FALSE
	EndGlobalSection
EndGlobal
